// !$*UTF8*$!
{
	archiveVersion = 1;
	classes = {
	};
	objectVersion = 50;
	objects = {

/* Begin PBXBuildFile section */
		B55E10CABAD7C813F865ED68 /* Pods_etajerIOS.framework in Frameworks */ = {isa = PBXBuildFile; fileRef = 198183F2CF952CD0046A1AC4 /* Pods_etajerIOS.framework */; };
		D90FA07D22E999EC00316BE4 /* CartPaymentViewController.swift in Sources */ = {isa = PBXBuildFile; fileRef = D90FA07C22E999EC00316BE4 /* CartPaymentViewController.swift */; };
		D90FA07F22E99A0600316BE4 /* CartPaymentViewModel.swift in Sources */ = {isa = PBXBuildFile; fileRef = D90FA07E22E99A0600316BE4 /* CartPaymentViewModel.swift */; };
		D90FA08222E9A0C000316BE4 /* RadioSelectionBtn.swift in Sources */ = {isa = PBXBuildFile; fileRef = D90FA08122E9A0C000316BE4 /* RadioSelectionBtn.swift */; };
		D9182C2422E9F24A006A4289 /* YourOrderItemsCell.swift in Sources */ = {isa = PBXBuildFile; fileRef = D9182C2322E9F24A006A4289 /* YourOrderItemsCell.swift */; };
		D9182C2622E9F287006A4289 /* YourOrderItemsCell.xib in Resources */ = {isa = PBXBuildFile; fileRef = D9182C2522E9F287006A4289 /* YourOrderItemsCell.xib */; };
		D91947DD22CDFF3F00302A75 /* AppDelegate.swift in Sources */ = {isa = PBXBuildFile; fileRef = D91947DC22CDFF3F00302A75 /* AppDelegate.swift */; };
		D91947DF22CDFF3F00302A75 /* BaseViewController.swift in Sources */ = {isa = PBXBuildFile; fileRef = D91947DE22CDFF3F00302A75 /* BaseViewController.swift */; };
		D91947E222CDFF3F00302A75 /* Main.storyboard in Resources */ = {isa = PBXBuildFile; fileRef = D91947E022CDFF3F00302A75 /* Main.storyboard */; };
		D91947E422CDFF4000302A75 /* Assets.xcassets in Resources */ = {isa = PBXBuildFile; fileRef = D91947E322CDFF4000302A75 /* Assets.xcassets */; };
		D91947E722CDFF4000302A75 /* LaunchScreen.storyboard in Resources */ = {isa = PBXBuildFile; fileRef = D91947E522CDFF4000302A75 /* LaunchScreen.storyboard */; };
		D91947F322CE034300302A75 /* BaseViewModel.swift in Sources */ = {isa = PBXBuildFile; fileRef = D91947F222CE034300302A75 /* BaseViewModel.swift */; };
		D91947FE22CE038900302A75 /* MainNavigator.swift in Sources */ = {isa = PBXBuildFile; fileRef = D91947F522CE038900302A75 /* MainNavigator.swift */; };
		D91947FF22CE038900302A75 /* Instantiator.swift in Sources */ = {isa = PBXBuildFile; fileRef = D91947F622CE038900302A75 /* Instantiator.swift */; };
		D919480022CE038900302A75 /* NavigationCoordinator.swift in Sources */ = {isa = PBXBuildFile; fileRef = D91947F722CE038900302A75 /* NavigationCoordinator.swift */; };
		D919480122CE038900302A75 /* Navigator.swift in Sources */ = {isa = PBXBuildFile; fileRef = D91947F822CE038900302A75 /* Navigator.swift */; };
		D919480222CE038900302A75 /* Enums.swift in Sources */ = {isa = PBXBuildFile; fileRef = D91947FA22CE038900302A75 /* Enums.swift */; };
		D919480322CE038900302A75 /* UIView+Extension.swift in Sources */ = {isa = PBXBuildFile; fileRef = D91947FC22CE038900302A75 /* UIView+Extension.swift */; };
		D919480422CE038900302A75 /* AppUtility.swift in Sources */ = {isa = PBXBuildFile; fileRef = D91947FD22CE038900302A75 /* AppUtility.swift */; };
		D919480822CE07D400302A75 /* din-next-lt-w23-regular.ttf in Resources */ = {isa = PBXBuildFile; fileRef = D919480722CE07B400302A75 /* din-next-lt-w23-regular.ttf */; };
		D919480B22CE0AA700302A75 /* SignIn.storyboard in Resources */ = {isa = PBXBuildFile; fileRef = D919480D22CE0AA700302A75 /* SignIn.storyboard */; };
		D91B65D222E88FC300EDFDCE /* AddAddressCell.xib in Resources */ = {isa = PBXBuildFile; fileRef = D91B65D122E88FC300EDFDCE /* AddAddressCell.xib */; };
		D91B65D422E8914500EDFDCE /* CartAddressesViewController.swift in Sources */ = {isa = PBXBuildFile; fileRef = D91B65D322E8914500EDFDCE /* CartAddressesViewController.swift */; };
		D91B65D622E896A400EDFDCE /* CartAddressesViewModel.swift in Sources */ = {isa = PBXBuildFile; fileRef = D91B65D522E896A400EDFDCE /* CartAddressesViewModel.swift */; };
		D91B65D822E8999500EDFDCE /* AddAddressCell.swift in Sources */ = {isa = PBXBuildFile; fileRef = D91B65D722E8999500EDFDCE /* AddAddressCell.swift */; };
		D929C0D822D227EE0000B1A6 /* MenuViewController.swift in Sources */ = {isa = PBXBuildFile; fileRef = D929C0D722D227EE0000B1A6 /* MenuViewController.swift */; };
		D929C0DB22D2280A0000B1A6 /* MenuCell.xib in Resources */ = {isa = PBXBuildFile; fileRef = D929C0DA22D2280A0000B1A6 /* MenuCell.xib */; };
		D929C0DD22D228C30000B1A6 /* MenuCell.swift in Sources */ = {isa = PBXBuildFile; fileRef = D929C0DC22D228C30000B1A6 /* MenuCell.swift */; };
		D929C0E022D232290000B1A6 /* MenuViewModel.swift in Sources */ = {isa = PBXBuildFile; fileRef = D929C0DF22D232290000B1A6 /* MenuViewModel.swift */; };
		D929C0E322D242A20000B1A6 /* Category.swift in Sources */ = {isa = PBXBuildFile; fileRef = D929C0E222D242A20000B1A6 /* Category.swift */; };
		D941048E22F19EFF00A809AB /* Product.swift in Sources */ = {isa = PBXBuildFile; fileRef = D941048D22F19EFE00A809AB /* Product.swift */; };
		D941049022F1A26500A809AB /* HomeResponse.swift in Sources */ = {isa = PBXBuildFile; fileRef = D941048F22F1A26500A809AB /* HomeResponse.swift */; };
		D941049222F1AB6500A809AB /* HomeDataManager.swift in Sources */ = {isa = PBXBuildFile; fileRef = D941049122F1AB6500A809AB /* HomeDataManager.swift */; };
		D941049422F1AE4800A809AB /* BaseModel.swift in Sources */ = {isa = PBXBuildFile; fileRef = D941049322F1AE4800A809AB /* BaseModel.swift */; };
		D941B93F22EF352F00C847D0 /* NetworkManager.swift in Sources */ = {isa = PBXBuildFile; fileRef = D941B93E22EF352F00C847D0 /* NetworkManager.swift */; };
		D941B94122EF355C00C847D0 /* DataManager.swift in Sources */ = {isa = PBXBuildFile; fileRef = D941B94022EF355C00C847D0 /* DataManager.swift */; };
		D941B94322EF383C00C847D0 /* UserDataManager.swift in Sources */ = {isa = PBXBuildFile; fileRef = D941B94222EF383C00C847D0 /* UserDataManager.swift */; };
		D941B94522EF3CD400C847D0 /* URLs.swift in Sources */ = {isa = PBXBuildFile; fileRef = D941B94422EF3CD400C847D0 /* URLs.swift */; };
		D94767C122E9B29F00852782 /* PaymentMethodCell.xib in Resources */ = {isa = PBXBuildFile; fileRef = D94767C022E9B29F00852782 /* PaymentMethodCell.xib */; };
		D94767C322E9B2C600852782 /* PaymentMethodCell.swift in Sources */ = {isa = PBXBuildFile; fileRef = D94767C222E9B2C600852782 /* PaymentMethodCell.swift */; };
		D94767C522E9B32C00852782 /* SectionCell.xib in Resources */ = {isa = PBXBuildFile; fileRef = D94767C422E9B32C00852782 /* SectionCell.xib */; };
		D94767C722E9B34000852782 /* SectionCell.swift in Sources */ = {isa = PBXBuildFile; fileRef = D94767C622E9B34000852782 /* SectionCell.swift */; };
		D94767C922E9E00C00852782 /* OrderSummeryCell.xib in Resources */ = {isa = PBXBuildFile; fileRef = D94767C822E9E00C00852782 /* OrderSummeryCell.xib */; };
		D94767CB22E9E71400852782 /* OrderSummeryCell.swift in Sources */ = {isa = PBXBuildFile; fileRef = D94767CA22E9E71400852782 /* OrderSummeryCell.swift */; };
		D957A4C122F97E60004709B5 /* FilterViewController.swift in Sources */ = {isa = PBXBuildFile; fileRef = D957A4C022F97E60004709B5 /* FilterViewController.swift */; };
		D957A4C322F97F46004709B5 /* FilterViewModel.swift in Sources */ = {isa = PBXBuildFile; fileRef = D957A4C222F97F46004709B5 /* FilterViewModel.swift */; };
		D957A4C522F980EA004709B5 /* FilterSectionHeader.swift in Sources */ = {isa = PBXBuildFile; fileRef = D957A4C422F980EA004709B5 /* FilterSectionHeader.swift */; };
		D957A4C722F98139004709B5 /* FilterSectionHeader.xib in Resources */ = {isa = PBXBuildFile; fileRef = D957A4C622F98139004709B5 /* FilterSectionHeader.xib */; };
		D957A4C922F99B16004709B5 /* FilterCell.swift in Sources */ = {isa = PBXBuildFile; fileRef = D957A4C822F99B16004709B5 /* FilterCell.swift */; };
		D957A4CB22F99B25004709B5 /* FilterCell.xib in Resources */ = {isa = PBXBuildFile; fileRef = D957A4CA22F99B25004709B5 /* FilterCell.xib */; };
		D9687368230583C3008DE29B /* Address.swift in Sources */ = {isa = PBXBuildFile; fileRef = D9687367230583C2008DE29B /* Address.swift */; };
		D96873BF22CE147E0075C528 /* String+Extension.swift in Sources */ = {isa = PBXBuildFile; fileRef = D96873BE22CE147E0075C528 /* String+Extension.swift */; };
		D96873C222CE1BA00075C528 /* SignInViewModel.swift in Sources */ = {isa = PBXBuildFile; fileRef = D96873C122CE1BA00075C528 /* SignInViewModel.swift */; };
		D96873C522CE1BE80075C528 /* SignInViewController.swift in Sources */ = {isa = PBXBuildFile; fileRef = D96873C422CE1BE80075C528 /* SignInViewController.swift */; };
		D96873CE22CE41E00075C528 /* SignUpViewController.swift in Sources */ = {isa = PBXBuildFile; fileRef = D96873CD22CE41E00075C528 /* SignUpViewController.swift */; };
		D96873D022CE42110075C528 /* SignUpViewModel.swift in Sources */ = {isa = PBXBuildFile; fileRef = D96873CF22CE42110075C528 /* SignUpViewModel.swift */; };
		D980CA1822FC38B4009237BF /* CartDataManager.swift in Sources */ = {isa = PBXBuildFile; fileRef = D980CA1722FC38B4009237BF /* CartDataManager.swift */; };
		D980CA1A23043D1B009237BF /* Cart.swift in Sources */ = {isa = PBXBuildFile; fileRef = D980CA1923043D1B009237BF /* Cart.swift */; };
		D999BC8122F8359A00608A59 /* ProductDataManager.swift in Sources */ = {isa = PBXBuildFile; fileRef = D999BC8022F8359A00608A59 /* ProductDataManager.swift */; };
		D99A78AA22DB102B00BCB6F1 /* ViewModelType.swift in Sources */ = {isa = PBXBuildFile; fileRef = D99A78A922DB102B00BCB6F1 /* ViewModelType.swift */; };
		D99A78AC22DB4DE800BCB6F1 /* CategoryItemsViewController.swift in Sources */ = {isa = PBXBuildFile; fileRef = D99A78AB22DB4DE800BCB6F1 /* CategoryItemsViewController.swift */; };
		D99A78AE22DB4E1300BCB6F1 /* CategoryItemsViewModel.swift in Sources */ = {isa = PBXBuildFile; fileRef = D99A78AD22DB4E1300BCB6F1 /* CategoryItemsViewModel.swift */; };
		D99D2A0F22E594F600A430A7 /* AddressCell.swift in Sources */ = {isa = PBXBuildFile; fileRef = D99D2A0E22E594F600A430A7 /* AddressCell.swift */; };
		D99D2A1122E5953600A430A7 /* AddressCell.xib in Resources */ = {isa = PBXBuildFile; fileRef = D99D2A1022E5953600A430A7 /* AddressCell.xib */; };
		D99D2A1322E5958400A430A7 /* AddressesViewController.swift in Sources */ = {isa = PBXBuildFile; fileRef = D99D2A1222E5958400A430A7 /* AddressesViewController.swift */; };
		D99D2A1522E5964100A430A7 /* AddressesViewModel.swift in Sources */ = {isa = PBXBuildFile; fileRef = D99D2A1422E5964100A430A7 /* AddressesViewModel.swift */; };
		D99D2A1A22E5CF2700A430A7 /* CartViewModel.swift in Sources */ = {isa = PBXBuildFile; fileRef = D99D2A1922E5CF2700A430A7 /* CartViewModel.swift */; };
		D99D2A1C22E5D56D00A430A7 /* CartViewController.swift in Sources */ = {isa = PBXBuildFile; fileRef = D99D2A1B22E5D56D00A430A7 /* CartViewController.swift */; };
		D99D2A1F22E5E02D00A430A7 /* CartCell.swift in Sources */ = {isa = PBXBuildFile; fileRef = D99D2A1E22E5E02D00A430A7 /* CartCell.swift */; };
		D99D2A2122E5E03900A430A7 /* CartCell.xib in Resources */ = {isa = PBXBuildFile; fileRef = D99D2A2022E5E03900A430A7 /* CartCell.xib */; };
		D99D2A2322E5F01A00A430A7 /* CartHeaderView.xib in Resources */ = {isa = PBXBuildFile; fileRef = D99D2A2222E5F01A00A430A7 /* CartHeaderView.xib */; };
		D99D2A2522E5F06C00A430A7 /* CartHeaderView.swift in Sources */ = {isa = PBXBuildFile; fileRef = D99D2A2422E5F06C00A430A7 /* CartHeaderView.swift */; };
		D9C2DC6322E0745300E4385D /* FavoritesViewController.swift in Sources */ = {isa = PBXBuildFile; fileRef = D9C2DC6222E0745300E4385D /* FavoritesViewController.swift */; };
		D9C2DC6522E0746F00E4385D /* FavoritesViewModel.swift in Sources */ = {isa = PBXBuildFile; fileRef = D9C2DC6422E0746F00E4385D /* FavoritesViewModel.swift */; };
		D9C2DC6722E0C76200E4385D /* din-next-lt-w23-bold.ttf in Resources */ = {isa = PBXBuildFile; fileRef = D9C2DC6622E0C19E00E4385D /* din-next-lt-w23-bold.ttf */; };
		D9C3B0D122D321160010F45C /* HomeViewController.swift in Sources */ = {isa = PBXBuildFile; fileRef = D9C3B0D022D321160010F45C /* HomeViewController.swift */; };
		D9C3B0D422D3417D0010F45C /* Bundle+Extension.swift in Sources */ = {isa = PBXBuildFile; fileRef = D9C3B0D322D3417D0010F45C /* Bundle+Extension.swift */; };
		D9C3B0D622D3428B0010F45C /* LanguageManager.swift in Sources */ = {isa = PBXBuildFile; fileRef = D9C3B0D522D3428B0010F45C /* LanguageManager.swift */; };
		D9C3B0D822D36B070010F45C /* UIButton+Extension.swift in Sources */ = {isa = PBXBuildFile; fileRef = D9C3B0D722D36B070010F45C /* UIButton+Extension.swift */; };
		D9CED6F422D483B800D8026E /* HomeViewModel.swift in Sources */ = {isa = PBXBuildFile; fileRef = D9CED6F322D483B800D8026E /* HomeViewModel.swift */; };
		D9CED6F822D486A800D8026E /* CategoryCell.swift in Sources */ = {isa = PBXBuildFile; fileRef = D9CED6F722D486A800D8026E /* CategoryCell.swift */; };
		D9CED6FA22D486CA00D8026E /* ItemsCell.swift in Sources */ = {isa = PBXBuildFile; fileRef = D9CED6F922D486CA00D8026E /* ItemsCell.swift */; };
		D9CED6FC22D486EA00D8026E /* ItemsCell.xib in Resources */ = {isa = PBXBuildFile; fileRef = D9CED6FB22D486EA00D8026E /* ItemsCell.xib */; };
		D9CED6FE22D4949800D8026E /* CategoryCell.xib in Resources */ = {isa = PBXBuildFile; fileRef = D9CED6FD22D4949800D8026E /* CategoryCell.xib */; };
		D9CED70422D4BE8D00D8026E /* baner3.png in Resources */ = {isa = PBXBuildFile; fileRef = D9CED70022D4BE8D00D8026E /* baner3.png */; };
		D9CED70522D4BE8D00D8026E /* baner2.png in Resources */ = {isa = PBXBuildFile; fileRef = D9CED70122D4BE8D00D8026E /* baner2.png */; };
		D9CED70622D4BE8D00D8026E /* baner1.png in Resources */ = {isa = PBXBuildFile; fileRef = D9CED70222D4BE8D00D8026E /* baner1.png */; };
		D9CED70722D4BE8D00D8026E /* baner4.png in Resources */ = {isa = PBXBuildFile; fileRef = D9CED70322D4BE8D00D8026E /* baner4.png */; };
		D9CED70922D4C01C00D8026E /* BannerCell.xib in Resources */ = {isa = PBXBuildFile; fileRef = D9CED70822D4C01C00D8026E /* BannerCell.xib */; };
		D9CED70B22D4C08900D8026E /* BannerCell.swift in Sources */ = {isa = PBXBuildFile; fileRef = D9CED70A22D4C08900D8026E /* BannerCell.swift */; };
		D9CED70D22D4C37900D8026E /* Decoderable.swift in Sources */ = {isa = PBXBuildFile; fileRef = D9CED70C22D4C37900D8026E /* Decoderable.swift */; };
		D9CED70F22D4CE1900D8026E /* Data+Extension.swift in Sources */ = {isa = PBXBuildFile; fileRef = D9CED70E22D4CE1900D8026E /* Data+Extension.swift */; };
		D9D5FCA822DF50220005AB78 /* MyAccountViewController.swift in Sources */ = {isa = PBXBuildFile; fileRef = D9D5FCA722DF50220005AB78 /* MyAccountViewController.swift */; };
		D9D5FCAB22DF504E0005AB78 /* MyAccountViewModel.swift in Sources */ = {isa = PBXBuildFile; fileRef = D9D5FCAA22DF504E0005AB78 /* MyAccountViewModel.swift */; };
		D9D5FCAD22DF549C0005AB78 /* MyAccountCell.swift in Sources */ = {isa = PBXBuildFile; fileRef = D9D5FCAC22DF549C0005AB78 /* MyAccountCell.swift */; };
		D9D5FCAF22DF5DA40005AB78 /* MyAccountCell.xib in Resources */ = {isa = PBXBuildFile; fileRef = D9D5FCAE22DF5DA40005AB78 /* MyAccountCell.xib */; };
		D9DE930822E461CE00144B8B /* NotificationsViewController.swift in Sources */ = {isa = PBXBuildFile; fileRef = D9DE930722E461CE00144B8B /* NotificationsViewController.swift */; };
		D9DE930A22E461ED00144B8B /* NotificationViewModel.swift in Sources */ = {isa = PBXBuildFile; fileRef = D9DE930922E461ED00144B8B /* NotificationViewModel.swift */; };
		D9DE930D22E4725D00144B8B /* NotificationCell.xib in Resources */ = {isa = PBXBuildFile; fileRef = D9DE930C22E4725D00144B8B /* NotificationCell.xib */; };
		D9DE930F22E4727800144B8B /* NotificationCell.swift in Sources */ = {isa = PBXBuildFile; fileRef = D9DE930E22E4727800144B8B /* NotificationCell.swift */; };
		D9E074B622EDC2BF005F8CD4 /* CartFinishedViewController.swift in Sources */ = {isa = PBXBuildFile; fileRef = D9E074B522EDC2BF005F8CD4 /* CartFinishedViewController.swift */; };
		D9F8B43C22D1E96D00DCD15C /* Constants.swift in Sources */ = {isa = PBXBuildFile; fileRef = D9F8B43B22D1E96D00DCD15C /* Constants.swift */; };
		D9F8B43E22D1F33F00DCD15C /* UITextField+Extension.swift in Sources */ = {isa = PBXBuildFile; fileRef = D9F8B43D22D1F33F00DCD15C /* UITextField+Extension.swift */; };
		D9F8B44022D1F3E400DCD15C /* UITextView+Extension.swift in Sources */ = {isa = PBXBuildFile; fileRef = D9F8B43F22D1F3E400DCD15C /* UITextView+Extension.swift */; };
		D9F8B44222D20EC500DCD15C /* ForgetPasswordViewController.swift in Sources */ = {isa = PBXBuildFile; fileRef = D9F8B44122D20EC500DCD15C /* ForgetPasswordViewController.swift */; };
		D9F8B44422D20F0700DCD15C /* ForgetPasswordViewModel.swift in Sources */ = {isa = PBXBuildFile; fileRef = D9F8B44322D20F0700DCD15C /* ForgetPasswordViewModel.swift */; };
		D9F8B44522D2170C00DCD15C /* Localizable.strings in Resources */ = {isa = PBXBuildFile; fileRef = D9F8B44722D2170C00DCD15C /* Localizable.strings */; };
		D9F8B44A22D2178000DCD15C /* LocalizationTitles.swift in Sources */ = {isa = PBXBuildFile; fileRef = D9F8B44922D2178000DCD15C /* LocalizationTitles.swift */; };
		D9F8B44C22D21D0300DCD15C /* UILabel+Extension.swift in Sources */ = {isa = PBXBuildFile; fileRef = D9F8B44B22D21D0300DCD15C /* UILabel+Extension.swift */; };
		D9FDC71022DDE1750023B797 /* ItemDetailsViewModel.swift in Sources */ = {isa = PBXBuildFile; fileRef = D9FDC70F22DDE1740023B797 /* ItemDetailsViewModel.swift */; };
		D9FDC71222DDE1E90023B797 /* ItemDetailsViewController.swift in Sources */ = {isa = PBXBuildFile; fileRef = D9FDC71122DDE1E90023B797 /* ItemDetailsViewController.swift */; };
		D9FDC71422DDE2090023B797 /* AuctionDetailsViewController.swift in Sources */ = {isa = PBXBuildFile; fileRef = D9FDC71322DDE2090023B797 /* AuctionDetailsViewController.swift */; };
		D9FDC71622DDE2710023B797 /* AuctionDetailsViewModel.swift in Sources */ = {isa = PBXBuildFile; fileRef = D9FDC71522DDE2710023B797 /* AuctionDetailsViewModel.swift */; };
		D9FDC71822DDFA410023B797 /* ImageCell.swift in Sources */ = {isa = PBXBuildFile; fileRef = D9FDC71722DDFA410023B797 /* ImageCell.swift */; };
		D9FDC71A22DDFA510023B797 /* ImageCell.xib in Resources */ = {isa = PBXBuildFile; fileRef = D9FDC71922DDFA510023B797 /* ImageCell.xib */; };
		D9FEB6D022E844BD00D63708 /* CartPageViewController.swift in Sources */ = {isa = PBXBuildFile; fileRef = D9FEB6CF22E844BD00D63708 /* CartPageViewController.swift */; };
		D9FEB6D222E8462F00D63708 /* CartPageViewModel.swift in Sources */ = {isa = PBXBuildFile; fileRef = D9FEB6D122E8462F00D63708 /* CartPageViewModel.swift */; };
		D9FEB6D422E8646400D63708 /* EnterCodeCell.xib in Resources */ = {isa = PBXBuildFile; fileRef = D9FEB6D322E8646400D63708 /* EnterCodeCell.xib */; };
		D9FEB6D622E8648300D63708 /* EnterCodeCell.swift in Sources */ = {isa = PBXBuildFile; fileRef = D9FEB6D522E8648300D63708 /* EnterCodeCell.swift */; };
		D9FEB6D822E87A9B00D63708 /* CartAddressCell.swift in Sources */ = {isa = PBXBuildFile; fileRef = D9FEB6D722E87A9B00D63708 /* CartAddressCell.swift */; };
		D9FEB6DA22E87AAC00D63708 /* CartAddressCell.xib in Resources */ = {isa = PBXBuildFile; fileRef = D9FEB6D922E87AAC00D63708 /* CartAddressCell.xib */; };
		D9FFA3AC22F0407200BA26F7 /* ErrorModel.swift in Sources */ = {isa = PBXBuildFile; fileRef = D9FFA3AB22F0407200BA26F7 /* ErrorModel.swift */; };
		D9FFA3AF22F0505F00BA26F7 /* SignInUpResponse.swift in Sources */ = {isa = PBXBuildFile; fileRef = D9FFA3AE22F0505F00BA26F7 /* SignInUpResponse.swift */; };
		D9FFA3B122F06CB900BA26F7 /* UIViewController+Extension.swift in Sources */ = {isa = PBXBuildFile; fileRef = D9FFA3B022F06CB900BA26F7 /* UIViewController+Extension.swift */; };
		D9FFA3B322F0894200BA26F7 /* DataResponse+Extension.swift in Sources */ = {isa = PBXBuildFile; fileRef = D9FFA3B222F0894200BA26F7 /* DataResponse+Extension.swift */; };
		D9FFA3B522F08BFC00BA26F7 /* User.swift in Sources */ = {isa = PBXBuildFile; fileRef = D9FFA3B422F08BFC00BA26F7 /* User.swift */; };
/* End PBXBuildFile section */

/* Begin PBXFileReference section */
		0869D3E3B71F99BD25C7570E /* Pods-etajerIOS.debug.xcconfig */ = {isa = PBXFileReference; includeInIndex = 1; lastKnownFileType = text.xcconfig; name = "Pods-etajerIOS.debug.xcconfig"; path = "Target Support Files/Pods-etajerIOS/Pods-etajerIOS.debug.xcconfig"; sourceTree = "<group>"; };
		198183F2CF952CD0046A1AC4 /* Pods_etajerIOS.framework */ = {isa = PBXFileReference; explicitFileType = wrapper.framework; includeInIndex = 0; path = Pods_etajerIOS.framework; sourceTree = BUILT_PRODUCTS_DIR; };
		2705894BF7F1CD3491E49FDF /* Pods-etajerIOS.release.xcconfig */ = {isa = PBXFileReference; includeInIndex = 1; lastKnownFileType = text.xcconfig; name = "Pods-etajerIOS.release.xcconfig"; path = "Target Support Files/Pods-etajerIOS/Pods-etajerIOS.release.xcconfig"; sourceTree = "<group>"; };
		D90FA07C22E999EC00316BE4 /* CartPaymentViewController.swift */ = {isa = PBXFileReference; lastKnownFileType = sourcecode.swift; path = CartPaymentViewController.swift; sourceTree = "<group>"; };
		D90FA07E22E99A0600316BE4 /* CartPaymentViewModel.swift */ = {isa = PBXFileReference; lastKnownFileType = sourcecode.swift; path = CartPaymentViewModel.swift; sourceTree = "<group>"; };
		D90FA08122E9A0C000316BE4 /* RadioSelectionBtn.swift */ = {isa = PBXFileReference; lastKnownFileType = sourcecode.swift; path = RadioSelectionBtn.swift; sourceTree = "<group>"; };
		D9182C2322E9F24A006A4289 /* YourOrderItemsCell.swift */ = {isa = PBXFileReference; lastKnownFileType = sourcecode.swift; path = YourOrderItemsCell.swift; sourceTree = "<group>"; };
		D9182C2522E9F287006A4289 /* YourOrderItemsCell.xib */ = {isa = PBXFileReference; lastKnownFileType = file.xib; path = YourOrderItemsCell.xib; sourceTree = "<group>"; };
		D91947D922CDFF3F00302A75 /* etajerIOS.app */ = {isa = PBXFileReference; explicitFileType = wrapper.application; includeInIndex = 0; path = etajerIOS.app; sourceTree = BUILT_PRODUCTS_DIR; };
		D91947DC22CDFF3F00302A75 /* AppDelegate.swift */ = {isa = PBXFileReference; lastKnownFileType = sourcecode.swift; path = AppDelegate.swift; sourceTree = "<group>"; };
		D91947DE22CDFF3F00302A75 /* BaseViewController.swift */ = {isa = PBXFileReference; lastKnownFileType = sourcecode.swift; path = BaseViewController.swift; sourceTree = "<group>"; };
		D91947E122CDFF3F00302A75 /* Base */ = {isa = PBXFileReference; lastKnownFileType = file.storyboard; name = Base; path = Base.lproj/Main.storyboard; sourceTree = "<group>"; };
		D91947E322CDFF4000302A75 /* Assets.xcassets */ = {isa = PBXFileReference; lastKnownFileType = folder.assetcatalog; path = Assets.xcassets; sourceTree = "<group>"; };
		D91947E622CDFF4000302A75 /* Base */ = {isa = PBXFileReference; lastKnownFileType = file.storyboard; name = Base; path = Base.lproj/LaunchScreen.storyboard; sourceTree = "<group>"; };
		D91947E822CDFF4000302A75 /* Info.plist */ = {isa = PBXFileReference; lastKnownFileType = text.plist.xml; path = Info.plist; sourceTree = "<group>"; };
		D91947F222CE034300302A75 /* BaseViewModel.swift */ = {isa = PBXFileReference; lastKnownFileType = sourcecode.swift; path = BaseViewModel.swift; sourceTree = "<group>"; };
		D91947F522CE038900302A75 /* MainNavigator.swift */ = {isa = PBXFileReference; fileEncoding = 4; lastKnownFileType = sourcecode.swift; path = MainNavigator.swift; sourceTree = "<group>"; };
		D91947F622CE038900302A75 /* Instantiator.swift */ = {isa = PBXFileReference; fileEncoding = 4; lastKnownFileType = sourcecode.swift; path = Instantiator.swift; sourceTree = "<group>"; };
		D91947F722CE038900302A75 /* NavigationCoordinator.swift */ = {isa = PBXFileReference; fileEncoding = 4; lastKnownFileType = sourcecode.swift; path = NavigationCoordinator.swift; sourceTree = "<group>"; };
		D91947F822CE038900302A75 /* Navigator.swift */ = {isa = PBXFileReference; fileEncoding = 4; lastKnownFileType = sourcecode.swift; path = Navigator.swift; sourceTree = "<group>"; };
		D91947FA22CE038900302A75 /* Enums.swift */ = {isa = PBXFileReference; fileEncoding = 4; lastKnownFileType = sourcecode.swift; path = Enums.swift; sourceTree = "<group>"; };
		D91947FC22CE038900302A75 /* UIView+Extension.swift */ = {isa = PBXFileReference; fileEncoding = 4; lastKnownFileType = sourcecode.swift; path = "UIView+Extension.swift"; sourceTree = "<group>"; };
		D91947FD22CE038900302A75 /* AppUtility.swift */ = {isa = PBXFileReference; fileEncoding = 4; lastKnownFileType = sourcecode.swift; path = AppUtility.swift; sourceTree = "<group>"; };
		D919480722CE07B400302A75 /* din-next-lt-w23-regular.ttf */ = {isa = PBXFileReference; lastKnownFileType = file; path = "din-next-lt-w23-regular.ttf"; sourceTree = "<group>"; };
		D919480922CE0A8B00302A75 /* ar */ = {isa = PBXFileReference; lastKnownFileType = text.plist.strings; name = ar; path = ar.lproj/Main.strings; sourceTree = "<group>"; };
		D919480A22CE0A8B00302A75 /* ar */ = {isa = PBXFileReference; lastKnownFileType = text.plist.strings; name = ar; path = ar.lproj/LaunchScreen.strings; sourceTree = "<group>"; };
		D91B65D122E88FC300EDFDCE /* AddAddressCell.xib */ = {isa = PBXFileReference; lastKnownFileType = file.xib; path = AddAddressCell.xib; sourceTree = "<group>"; };
		D91B65D322E8914500EDFDCE /* CartAddressesViewController.swift */ = {isa = PBXFileReference; lastKnownFileType = sourcecode.swift; path = CartAddressesViewController.swift; sourceTree = "<group>"; };
		D91B65D522E896A400EDFDCE /* CartAddressesViewModel.swift */ = {isa = PBXFileReference; lastKnownFileType = sourcecode.swift; path = CartAddressesViewModel.swift; sourceTree = "<group>"; };
		D91B65D722E8999500EDFDCE /* AddAddressCell.swift */ = {isa = PBXFileReference; lastKnownFileType = sourcecode.swift; path = AddAddressCell.swift; sourceTree = "<group>"; };
		D929C0D722D227EE0000B1A6 /* MenuViewController.swift */ = {isa = PBXFileReference; lastKnownFileType = sourcecode.swift; path = MenuViewController.swift; sourceTree = "<group>"; };
		D929C0DA22D2280A0000B1A6 /* MenuCell.xib */ = {isa = PBXFileReference; lastKnownFileType = file.xib; path = MenuCell.xib; sourceTree = "<group>"; };
		D929C0DC22D228C30000B1A6 /* MenuCell.swift */ = {isa = PBXFileReference; lastKnownFileType = sourcecode.swift; path = MenuCell.swift; sourceTree = "<group>"; };
		D929C0DF22D232290000B1A6 /* MenuViewModel.swift */ = {isa = PBXFileReference; lastKnownFileType = sourcecode.swift; path = MenuViewModel.swift; sourceTree = "<group>"; };
		D929C0E222D242A20000B1A6 /* Category.swift */ = {isa = PBXFileReference; lastKnownFileType = sourcecode.swift; path = Category.swift; sourceTree = "<group>"; };
		D941048D22F19EFE00A809AB /* Product.swift */ = {isa = PBXFileReference; lastKnownFileType = sourcecode.swift; path = Product.swift; sourceTree = "<group>"; };
		D941048F22F1A26500A809AB /* HomeResponse.swift */ = {isa = PBXFileReference; lastKnownFileType = sourcecode.swift; path = HomeResponse.swift; sourceTree = "<group>"; };
		D941049122F1AB6500A809AB /* HomeDataManager.swift */ = {isa = PBXFileReference; lastKnownFileType = sourcecode.swift; path = HomeDataManager.swift; sourceTree = "<group>"; };
		D941049322F1AE4800A809AB /* BaseModel.swift */ = {isa = PBXFileReference; lastKnownFileType = sourcecode.swift; path = BaseModel.swift; sourceTree = "<group>"; };
		D941B93E22EF352F00C847D0 /* NetworkManager.swift */ = {isa = PBXFileReference; lastKnownFileType = sourcecode.swift; path = NetworkManager.swift; sourceTree = "<group>"; };
		D941B94022EF355C00C847D0 /* DataManager.swift */ = {isa = PBXFileReference; lastKnownFileType = sourcecode.swift; path = DataManager.swift; sourceTree = "<group>"; };
		D941B94222EF383C00C847D0 /* UserDataManager.swift */ = {isa = PBXFileReference; lastKnownFileType = sourcecode.swift; path = UserDataManager.swift; sourceTree = "<group>"; };
		D941B94422EF3CD400C847D0 /* URLs.swift */ = {isa = PBXFileReference; lastKnownFileType = sourcecode.swift; path = URLs.swift; sourceTree = "<group>"; };
		D94767C022E9B29F00852782 /* PaymentMethodCell.xib */ = {isa = PBXFileReference; lastKnownFileType = file.xib; path = PaymentMethodCell.xib; sourceTree = "<group>"; };
		D94767C222E9B2C600852782 /* PaymentMethodCell.swift */ = {isa = PBXFileReference; lastKnownFileType = sourcecode.swift; path = PaymentMethodCell.swift; sourceTree = "<group>"; };
		D94767C422E9B32C00852782 /* SectionCell.xib */ = {isa = PBXFileReference; lastKnownFileType = file.xib; path = SectionCell.xib; sourceTree = "<group>"; };
		D94767C622E9B34000852782 /* SectionCell.swift */ = {isa = PBXFileReference; lastKnownFileType = sourcecode.swift; path = SectionCell.swift; sourceTree = "<group>"; };
		D94767C822E9E00C00852782 /* OrderSummeryCell.xib */ = {isa = PBXFileReference; lastKnownFileType = file.xib; path = OrderSummeryCell.xib; sourceTree = "<group>"; };
		D94767CA22E9E71400852782 /* OrderSummeryCell.swift */ = {isa = PBXFileReference; lastKnownFileType = sourcecode.swift; path = OrderSummeryCell.swift; sourceTree = "<group>"; };
		D957A4C022F97E60004709B5 /* FilterViewController.swift */ = {isa = PBXFileReference; lastKnownFileType = sourcecode.swift; path = FilterViewController.swift; sourceTree = "<group>"; };
		D957A4C222F97F46004709B5 /* FilterViewModel.swift */ = {isa = PBXFileReference; lastKnownFileType = sourcecode.swift; path = FilterViewModel.swift; sourceTree = "<group>"; };
		D957A4C422F980EA004709B5 /* FilterSectionHeader.swift */ = {isa = PBXFileReference; lastKnownFileType = sourcecode.swift; path = FilterSectionHeader.swift; sourceTree = "<group>"; };
		D957A4C622F98139004709B5 /* FilterSectionHeader.xib */ = {isa = PBXFileReference; lastKnownFileType = file.xib; path = FilterSectionHeader.xib; sourceTree = "<group>"; };
		D957A4C822F99B16004709B5 /* FilterCell.swift */ = {isa = PBXFileReference; lastKnownFileType = sourcecode.swift; path = FilterCell.swift; sourceTree = "<group>"; };
		D957A4CA22F99B25004709B5 /* FilterCell.xib */ = {isa = PBXFileReference; lastKnownFileType = file.xib; path = FilterCell.xib; sourceTree = "<group>"; };
		D9687367230583C2008DE29B /* Address.swift */ = {isa = PBXFileReference; lastKnownFileType = sourcecode.swift; path = Address.swift; sourceTree = "<group>"; };
		D96873BE22CE147E0075C528 /* String+Extension.swift */ = {isa = PBXFileReference; lastKnownFileType = sourcecode.swift; path = "String+Extension.swift"; sourceTree = "<group>"; };
		D96873C122CE1BA00075C528 /* SignInViewModel.swift */ = {isa = PBXFileReference; lastKnownFileType = sourcecode.swift; path = SignInViewModel.swift; sourceTree = "<group>"; };
		D96873C422CE1BE80075C528 /* SignInViewController.swift */ = {isa = PBXFileReference; lastKnownFileType = sourcecode.swift; path = SignInViewController.swift; sourceTree = "<group>"; };
		D96873C722CE2B770075C528 /* Base */ = {isa = PBXFileReference; lastKnownFileType = file.storyboard; name = Base; path = Base.lproj/SignIn.storyboard; sourceTree = "<group>"; };
		D96873C922CE2B830075C528 /* ar */ = {isa = PBXFileReference; lastKnownFileType = text.plist.strings; name = ar; path = ar.lproj/SignIn.strings; sourceTree = "<group>"; };
		D96873CA22CE2B8C0075C528 /* en */ = {isa = PBXFileReference; lastKnownFileType = text.plist.strings; name = en; path = en.lproj/SignIn.strings; sourceTree = "<group>"; };
		D96873CD22CE41E00075C528 /* SignUpViewController.swift */ = {isa = PBXFileReference; lastKnownFileType = sourcecode.swift; path = SignUpViewController.swift; sourceTree = "<group>"; };
		D96873CF22CE42110075C528 /* SignUpViewModel.swift */ = {isa = PBXFileReference; lastKnownFileType = sourcecode.swift; path = SignUpViewModel.swift; sourceTree = "<group>"; };
		D980CA1722FC38B4009237BF /* CartDataManager.swift */ = {isa = PBXFileReference; lastKnownFileType = sourcecode.swift; path = CartDataManager.swift; sourceTree = "<group>"; };
		D980CA1923043D1B009237BF /* Cart.swift */ = {isa = PBXFileReference; lastKnownFileType = sourcecode.swift; path = Cart.swift; sourceTree = "<group>"; };
		D999BC8022F8359A00608A59 /* ProductDataManager.swift */ = {isa = PBXFileReference; lastKnownFileType = sourcecode.swift; path = ProductDataManager.swift; sourceTree = "<group>"; };
		D99A78A922DB102B00BCB6F1 /* ViewModelType.swift */ = {isa = PBXFileReference; lastKnownFileType = sourcecode.swift; path = ViewModelType.swift; sourceTree = "<group>"; };
		D99A78AB22DB4DE800BCB6F1 /* CategoryItemsViewController.swift */ = {isa = PBXFileReference; lastKnownFileType = sourcecode.swift; path = CategoryItemsViewController.swift; sourceTree = "<group>"; };
		D99A78AD22DB4E1300BCB6F1 /* CategoryItemsViewModel.swift */ = {isa = PBXFileReference; lastKnownFileType = sourcecode.swift; path = CategoryItemsViewModel.swift; sourceTree = "<group>"; };
		D99D2A0E22E594F600A430A7 /* AddressCell.swift */ = {isa = PBXFileReference; lastKnownFileType = sourcecode.swift; path = AddressCell.swift; sourceTree = "<group>"; };
		D99D2A1022E5953600A430A7 /* AddressCell.xib */ = {isa = PBXFileReference; lastKnownFileType = file.xib; path = AddressCell.xib; sourceTree = "<group>"; };
		D99D2A1222E5958400A430A7 /* AddressesViewController.swift */ = {isa = PBXFileReference; lastKnownFileType = sourcecode.swift; path = AddressesViewController.swift; sourceTree = "<group>"; };
		D99D2A1422E5964100A430A7 /* AddressesViewModel.swift */ = {isa = PBXFileReference; lastKnownFileType = sourcecode.swift; path = AddressesViewModel.swift; sourceTree = "<group>"; };
		D99D2A1922E5CF2700A430A7 /* CartViewModel.swift */ = {isa = PBXFileReference; lastKnownFileType = sourcecode.swift; path = CartViewModel.swift; sourceTree = "<group>"; };
		D99D2A1B22E5D56D00A430A7 /* CartViewController.swift */ = {isa = PBXFileReference; lastKnownFileType = sourcecode.swift; path = CartViewController.swift; sourceTree = "<group>"; };
		D99D2A1E22E5E02D00A430A7 /* CartCell.swift */ = {isa = PBXFileReference; lastKnownFileType = sourcecode.swift; path = CartCell.swift; sourceTree = "<group>"; };
		D99D2A2022E5E03900A430A7 /* CartCell.xib */ = {isa = PBXFileReference; lastKnownFileType = file.xib; path = CartCell.xib; sourceTree = "<group>"; };
		D99D2A2222E5F01A00A430A7 /* CartHeaderView.xib */ = {isa = PBXFileReference; lastKnownFileType = file.xib; path = CartHeaderView.xib; sourceTree = "<group>"; };
		D99D2A2422E5F06C00A430A7 /* CartHeaderView.swift */ = {isa = PBXFileReference; lastKnownFileType = sourcecode.swift; path = CartHeaderView.swift; sourceTree = "<group>"; };
		D9C2DC6222E0745300E4385D /* FavoritesViewController.swift */ = {isa = PBXFileReference; lastKnownFileType = sourcecode.swift; path = FavoritesViewController.swift; sourceTree = "<group>"; };
		D9C2DC6422E0746F00E4385D /* FavoritesViewModel.swift */ = {isa = PBXFileReference; lastKnownFileType = sourcecode.swift; path = FavoritesViewModel.swift; sourceTree = "<group>"; };
		D9C2DC6622E0C19E00E4385D /* din-next-lt-w23-bold.ttf */ = {isa = PBXFileReference; lastKnownFileType = file; path = "din-next-lt-w23-bold.ttf"; sourceTree = "<group>"; };
		D9C3B0D022D321160010F45C /* HomeViewController.swift */ = {isa = PBXFileReference; lastKnownFileType = sourcecode.swift; path = HomeViewController.swift; sourceTree = "<group>"; };
		D9C3B0D322D3417D0010F45C /* Bundle+Extension.swift */ = {isa = PBXFileReference; lastKnownFileType = sourcecode.swift; path = "Bundle+Extension.swift"; sourceTree = "<group>"; };
		D9C3B0D522D3428B0010F45C /* LanguageManager.swift */ = {isa = PBXFileReference; lastKnownFileType = sourcecode.swift; path = LanguageManager.swift; sourceTree = "<group>"; };
		D9C3B0D722D36B070010F45C /* UIButton+Extension.swift */ = {isa = PBXFileReference; lastKnownFileType = sourcecode.swift; path = "UIButton+Extension.swift"; sourceTree = "<group>"; };
		D9CED6F322D483B800D8026E /* HomeViewModel.swift */ = {isa = PBXFileReference; lastKnownFileType = sourcecode.swift; path = HomeViewModel.swift; sourceTree = "<group>"; };
		D9CED6F722D486A800D8026E /* CategoryCell.swift */ = {isa = PBXFileReference; lastKnownFileType = sourcecode.swift; path = CategoryCell.swift; sourceTree = "<group>"; };
		D9CED6F922D486CA00D8026E /* ItemsCell.swift */ = {isa = PBXFileReference; lastKnownFileType = sourcecode.swift; path = ItemsCell.swift; sourceTree = "<group>"; };
		D9CED6FB22D486EA00D8026E /* ItemsCell.xib */ = {isa = PBXFileReference; lastKnownFileType = file.xib; path = ItemsCell.xib; sourceTree = "<group>"; };
		D9CED6FD22D4949800D8026E /* CategoryCell.xib */ = {isa = PBXFileReference; lastKnownFileType = file.xib; path = CategoryCell.xib; sourceTree = "<group>"; };
		D9CED70022D4BE8D00D8026E /* baner3.png */ = {isa = PBXFileReference; lastKnownFileType = image.png; path = baner3.png; sourceTree = "<group>"; };
		D9CED70122D4BE8D00D8026E /* baner2.png */ = {isa = PBXFileReference; lastKnownFileType = image.png; path = baner2.png; sourceTree = "<group>"; };
		D9CED70222D4BE8D00D8026E /* baner1.png */ = {isa = PBXFileReference; lastKnownFileType = image.png; path = baner1.png; sourceTree = "<group>"; };
		D9CED70322D4BE8D00D8026E /* baner4.png */ = {isa = PBXFileReference; lastKnownFileType = image.png; path = baner4.png; sourceTree = "<group>"; };
		D9CED70822D4C01C00D8026E /* BannerCell.xib */ = {isa = PBXFileReference; lastKnownFileType = file.xib; path = BannerCell.xib; sourceTree = "<group>"; };
		D9CED70A22D4C08900D8026E /* BannerCell.swift */ = {isa = PBXFileReference; lastKnownFileType = sourcecode.swift; path = BannerCell.swift; sourceTree = "<group>"; };
		D9CED70C22D4C37900D8026E /* Decoderable.swift */ = {isa = PBXFileReference; lastKnownFileType = sourcecode.swift; path = Decoderable.swift; sourceTree = "<group>"; };
		D9CED70E22D4CE1900D8026E /* Data+Extension.swift */ = {isa = PBXFileReference; lastKnownFileType = sourcecode.swift; path = "Data+Extension.swift"; sourceTree = "<group>"; };
		D9D5FCA722DF50220005AB78 /* MyAccountViewController.swift */ = {isa = PBXFileReference; lastKnownFileType = sourcecode.swift; path = MyAccountViewController.swift; sourceTree = "<group>"; };
		D9D5FCAA22DF504E0005AB78 /* MyAccountViewModel.swift */ = {isa = PBXFileReference; lastKnownFileType = sourcecode.swift; path = MyAccountViewModel.swift; sourceTree = "<group>"; };
		D9D5FCAC22DF549C0005AB78 /* MyAccountCell.swift */ = {isa = PBXFileReference; lastKnownFileType = sourcecode.swift; path = MyAccountCell.swift; sourceTree = "<group>"; };
		D9D5FCAE22DF5DA40005AB78 /* MyAccountCell.xib */ = {isa = PBXFileReference; lastKnownFileType = file.xib; path = MyAccountCell.xib; sourceTree = "<group>"; };
		D9DE930722E461CE00144B8B /* NotificationsViewController.swift */ = {isa = PBXFileReference; lastKnownFileType = sourcecode.swift; path = NotificationsViewController.swift; sourceTree = "<group>"; };
		D9DE930922E461ED00144B8B /* NotificationViewModel.swift */ = {isa = PBXFileReference; lastKnownFileType = sourcecode.swift; path = NotificationViewModel.swift; sourceTree = "<group>"; };
		D9DE930C22E4725D00144B8B /* NotificationCell.xib */ = {isa = PBXFileReference; lastKnownFileType = file.xib; path = NotificationCell.xib; sourceTree = "<group>"; };
		D9DE930E22E4727800144B8B /* NotificationCell.swift */ = {isa = PBXFileReference; lastKnownFileType = sourcecode.swift; path = NotificationCell.swift; sourceTree = "<group>"; };
		D9E074B522EDC2BF005F8CD4 /* CartFinishedViewController.swift */ = {isa = PBXFileReference; lastKnownFileType = sourcecode.swift; path = CartFinishedViewController.swift; sourceTree = "<group>"; };
		D9F8B43B22D1E96D00DCD15C /* Constants.swift */ = {isa = PBXFileReference; lastKnownFileType = sourcecode.swift; path = Constants.swift; sourceTree = "<group>"; };
		D9F8B43D22D1F33F00DCD15C /* UITextField+Extension.swift */ = {isa = PBXFileReference; lastKnownFileType = sourcecode.swift; path = "UITextField+Extension.swift"; sourceTree = "<group>"; };
		D9F8B43F22D1F3E400DCD15C /* UITextView+Extension.swift */ = {isa = PBXFileReference; lastKnownFileType = sourcecode.swift; path = "UITextView+Extension.swift"; sourceTree = "<group>"; };
		D9F8B44122D20EC500DCD15C /* ForgetPasswordViewController.swift */ = {isa = PBXFileReference; lastKnownFileType = sourcecode.swift; path = ForgetPasswordViewController.swift; sourceTree = "<group>"; };
		D9F8B44322D20F0700DCD15C /* ForgetPasswordViewModel.swift */ = {isa = PBXFileReference; lastKnownFileType = sourcecode.swift; path = ForgetPasswordViewModel.swift; sourceTree = "<group>"; };
		D9F8B44622D2170C00DCD15C /* en */ = {isa = PBXFileReference; lastKnownFileType = text.plist.strings; name = en; path = en.lproj/Localizable.strings; sourceTree = "<group>"; };
		D9F8B44822D2171200DCD15C /* ar */ = {isa = PBXFileReference; lastKnownFileType = text.plist.strings; name = ar; path = ar.lproj/Localizable.strings; sourceTree = "<group>"; };
		D9F8B44922D2178000DCD15C /* LocalizationTitles.swift */ = {isa = PBXFileReference; lastKnownFileType = sourcecode.swift; path = LocalizationTitles.swift; sourceTree = "<group>"; };
		D9F8B44B22D21D0300DCD15C /* UILabel+Extension.swift */ = {isa = PBXFileReference; lastKnownFileType = sourcecode.swift; path = "UILabel+Extension.swift"; sourceTree = "<group>"; };
		D9FDC70F22DDE1740023B797 /* ItemDetailsViewModel.swift */ = {isa = PBXFileReference; lastKnownFileType = sourcecode.swift; path = ItemDetailsViewModel.swift; sourceTree = "<group>"; };
		D9FDC71122DDE1E90023B797 /* ItemDetailsViewController.swift */ = {isa = PBXFileReference; lastKnownFileType = sourcecode.swift; path = ItemDetailsViewController.swift; sourceTree = "<group>"; };
		D9FDC71322DDE2090023B797 /* AuctionDetailsViewController.swift */ = {isa = PBXFileReference; lastKnownFileType = sourcecode.swift; path = AuctionDetailsViewController.swift; sourceTree = "<group>"; };
		D9FDC71522DDE2710023B797 /* AuctionDetailsViewModel.swift */ = {isa = PBXFileReference; lastKnownFileType = sourcecode.swift; path = AuctionDetailsViewModel.swift; sourceTree = "<group>"; };
		D9FDC71722DDFA410023B797 /* ImageCell.swift */ = {isa = PBXFileReference; lastKnownFileType = sourcecode.swift; path = ImageCell.swift; sourceTree = "<group>"; };
		D9FDC71922DDFA510023B797 /* ImageCell.xib */ = {isa = PBXFileReference; lastKnownFileType = file.xib; path = ImageCell.xib; sourceTree = "<group>"; };
		D9FEB6CF22E844BD00D63708 /* CartPageViewController.swift */ = {isa = PBXFileReference; lastKnownFileType = sourcecode.swift; path = CartPageViewController.swift; sourceTree = "<group>"; };
		D9FEB6D122E8462F00D63708 /* CartPageViewModel.swift */ = {isa = PBXFileReference; lastKnownFileType = sourcecode.swift; path = CartPageViewModel.swift; sourceTree = "<group>"; };
		D9FEB6D322E8646400D63708 /* EnterCodeCell.xib */ = {isa = PBXFileReference; lastKnownFileType = file.xib; path = EnterCodeCell.xib; sourceTree = "<group>"; };
		D9FEB6D522E8648300D63708 /* EnterCodeCell.swift */ = {isa = PBXFileReference; lastKnownFileType = sourcecode.swift; path = EnterCodeCell.swift; sourceTree = "<group>"; };
		D9FEB6D722E87A9B00D63708 /* CartAddressCell.swift */ = {isa = PBXFileReference; lastKnownFileType = sourcecode.swift; path = CartAddressCell.swift; sourceTree = "<group>"; };
		D9FEB6D922E87AAC00D63708 /* CartAddressCell.xib */ = {isa = PBXFileReference; lastKnownFileType = file.xib; path = CartAddressCell.xib; sourceTree = "<group>"; };
		D9FFA3AB22F0407200BA26F7 /* ErrorModel.swift */ = {isa = PBXFileReference; lastKnownFileType = sourcecode.swift; path = ErrorModel.swift; sourceTree = "<group>"; };
		D9FFA3AE22F0505F00BA26F7 /* SignInUpResponse.swift */ = {isa = PBXFileReference; lastKnownFileType = sourcecode.swift; path = SignInUpResponse.swift; sourceTree = "<group>"; };
		D9FFA3B022F06CB900BA26F7 /* UIViewController+Extension.swift */ = {isa = PBXFileReference; lastKnownFileType = sourcecode.swift; path = "UIViewController+Extension.swift"; sourceTree = "<group>"; };
		D9FFA3B222F0894200BA26F7 /* DataResponse+Extension.swift */ = {isa = PBXFileReference; lastKnownFileType = sourcecode.swift; path = "DataResponse+Extension.swift"; sourceTree = "<group>"; };
		D9FFA3B422F08BFC00BA26F7 /* User.swift */ = {isa = PBXFileReference; lastKnownFileType = sourcecode.swift; path = User.swift; sourceTree = "<group>"; };
/* End PBXFileReference section */

/* Begin PBXFrameworksBuildPhase section */
		D91947D622CDFF3F00302A75 /* Frameworks */ = {
			isa = PBXFrameworksBuildPhase;
			buildActionMask = 2147483647;
			files = (
				B55E10CABAD7C813F865ED68 /* Pods_etajerIOS.framework in Frameworks */,
			);
			runOnlyForDeploymentPostprocessing = 0;
		};
/* End PBXFrameworksBuildPhase section */

/* Begin PBXGroup section */
		45B6C9532295B347A29DB4FC /* Frameworks */ = {
			isa = PBXGroup;
			children = (
				198183F2CF952CD0046A1AC4 /* Pods_etajerIOS.framework */,
			);
			name = Frameworks;
			sourceTree = "<group>";
		};
		D90FA08022E9A04700316BE4 /* CustomViews */ = {
			isa = PBXGroup;
			children = (
				D90FA08122E9A0C000316BE4 /* RadioSelectionBtn.swift */,
			);
			path = CustomViews;
			sourceTree = "<group>";
		};
		D91947D022CDFF3F00302A75 = {
			isa = PBXGroup;
			children = (
				D91947DB22CDFF3F00302A75 /* etajerIOS */,
				D91947DA22CDFF3F00302A75 /* Products */,
				FB8070F6307A935645D5385E /* Pods */,
				45B6C9532295B347A29DB4FC /* Frameworks */,
			);
			sourceTree = "<group>";
		};
		D91947DA22CDFF3F00302A75 /* Products */ = {
			isa = PBXGroup;
			children = (
				D91947D922CDFF3F00302A75 /* etajerIOS.app */,
			);
			name = Products;
			sourceTree = "<group>";
		};
		D91947DB22CDFF3F00302A75 /* etajerIOS */ = {
			isa = PBXGroup;
			children = (
				D91947F422CE038900302A75 /* Navigator */,
				D91947F922CE038900302A75 /* Utilities */,
				D929C0E122D242730000B1A6 /* Model */,
				D91947F122CDFFBB00302A75 /* ViewModel */,
				D91947F022CDFFAA00302A75 /* ViewController */,
				D91947EF22CDFF8E00302A75 /* View */,
				D91947E822CDFF4000302A75 /* Info.plist */,
				D941B93D22EF34AC00C847D0 /* Networking */,
				D91947EE22CDFF6300302A75 /* Assets */,
				D91947DC22CDFF3F00302A75 /* AppDelegate.swift */,
			);
			path = etajerIOS;
			sourceTree = "<group>";
		};
		D91947EE22CDFF6300302A75 /* Assets */ = {
			isa = PBXGroup;
			children = (
				D9CED6FF22D4BDFB00D8026E /* banners */,
				D91947E322CDFF4000302A75 /* Assets.xcassets */,
				D919480722CE07B400302A75 /* din-next-lt-w23-regular.ttf */,
				D9C2DC6622E0C19E00E4385D /* din-next-lt-w23-bold.ttf */,
				D9F8B44922D2178000DCD15C /* LocalizationTitles.swift */,
				D9F8B44722D2170C00DCD15C /* Localizable.strings */,
			);
			path = Assets;
			sourceTree = "<group>";
		};
		D91947EF22CDFF8E00302A75 /* View */ = {
			isa = PBXGroup;
			children = (
				D919480D22CE0AA700302A75 /* SignIn.storyboard */,
				D91947E022CDFF3F00302A75 /* Main.storyboard */,
				D91947E522CDFF4000302A75 /* LaunchScreen.storyboard */,
			);
			path = View;
			sourceTree = "<group>";
		};
		D91947F022CDFFAA00302A75 /* ViewController */ = {
			isa = PBXGroup;
			children = (
				D91947DE22CDFF3F00302A75 /* BaseViewController.swift */,
				D929C0D622D227D70000B1A6 /* Menu */,
				D9C3B0D222D33E6B0010F45C /* Main */,
				D99D2A1622E5CDA100A430A7 /* Cart */,
				D9DE930522E4617600144B8B /* MyAccount */,
				D96873C322CE1BCB0075C528 /* SignIn */,
			);
			path = ViewController;
			sourceTree = "<group>";
		};
		D91947F122CDFFBB00302A75 /* ViewModel */ = {
			isa = PBXGroup;
			children = (
				D99A78A922DB102B00BCB6F1 /* ViewModelType.swift */,
				D91947F222CE034300302A75 /* BaseViewModel.swift */,
				D929C0DE22D2320A0000B1A6 /* Menu */,
				D9CED6F522D4842800D8026E /* Main */,
				D99D2A1822E5CF0E00A430A7 /* Cart */,
				D9DE930622E4619600144B8B /* MyAccount */,
				D96873C022CE1B8D0075C528 /* SignIn */,
			);
			path = ViewModel;
			sourceTree = "<group>";
		};
		D91947F422CE038900302A75 /* Navigator */ = {
			isa = PBXGroup;
			children = (
				D91947F622CE038900302A75 /* Instantiator.swift */,
				D91947F822CE038900302A75 /* Navigator.swift */,
				D91947F522CE038900302A75 /* MainNavigator.swift */,
				D91947F722CE038900302A75 /* NavigationCoordinator.swift */,
			);
			path = Navigator;
			sourceTree = "<group>";
		};
		D91947F922CE038900302A75 /* Utilities */ = {
			isa = PBXGroup;
			children = (
				D90FA08022E9A04700316BE4 /* CustomViews */,
				D91947FB22CE038900302A75 /* Extensions */,
				D91947FA22CE038900302A75 /* Enums.swift */,
				D9F8B43B22D1E96D00DCD15C /* Constants.swift */,
				D91947FD22CE038900302A75 /* AppUtility.swift */,
				D9C3B0D522D3428B0010F45C /* LanguageManager.swift */,
			);
			path = Utilities;
			sourceTree = "<group>";
		};
		D91947FB22CE038900302A75 /* Extensions */ = {
			isa = PBXGroup;
			children = (
				D9FFA3B022F06CB900BA26F7 /* UIViewController+Extension.swift */,
				D91947FC22CE038900302A75 /* UIView+Extension.swift */,
				D96873BE22CE147E0075C528 /* String+Extension.swift */,
				D9F8B43D22D1F33F00DCD15C /* UITextField+Extension.swift */,
				D9F8B43F22D1F3E400DCD15C /* UITextView+Extension.swift */,
				D9F8B44B22D21D0300DCD15C /* UILabel+Extension.swift */,
				D9C3B0D322D3417D0010F45C /* Bundle+Extension.swift */,
				D9C3B0D722D36B070010F45C /* UIButton+Extension.swift */,
				D9CED70E22D4CE1900D8026E /* Data+Extension.swift */,
				D9FFA3B222F0894200BA26F7 /* DataResponse+Extension.swift */,
			);
			path = Extensions;
			sourceTree = "<group>";
		};
		D929C0D622D227D70000B1A6 /* Menu */ = {
			isa = PBXGroup;
			children = (
				D929C0D922D227F50000B1A6 /* xibs */,
				D929C0D722D227EE0000B1A6 /* MenuViewController.swift */,
			);
			path = Menu;
			sourceTree = "<group>";
		};
		D929C0D922D227F50000B1A6 /* xibs */ = {
			isa = PBXGroup;
			children = (
				D929C0DA22D2280A0000B1A6 /* MenuCell.xib */,
				D929C0DC22D228C30000B1A6 /* MenuCell.swift */,
			);
			path = xibs;
			sourceTree = "<group>";
		};
		D929C0DE22D2320A0000B1A6 /* Menu */ = {
			isa = PBXGroup;
			children = (
				D929C0DF22D232290000B1A6 /* MenuViewModel.swift */,
			);
			path = Menu;
			sourceTree = "<group>";
		};
		D929C0E122D242730000B1A6 /* Model */ = {
			isa = PBXGroup;
			children = (
				D941049322F1AE4800A809AB /* BaseModel.swift */,
				D9FFA3AB22F0407200BA26F7 /* ErrorModel.swift */,
				D9FFA3AE22F0505F00BA26F7 /* SignInUpResponse.swift */,
				D941048F22F1A26500A809AB /* HomeResponse.swift */,
				D929C0E222D242A20000B1A6 /* Category.swift */,
				D9FFA3B422F08BFC00BA26F7 /* User.swift */,
				D941048D22F19EFE00A809AB /* Product.swift */,
				D980CA1923043D1B009237BF /* Cart.swift */,
				D9687367230583C2008DE29B /* Address.swift */,
			);
			path = Model;
			sourceTree = "<group>";
		};
		D941B93D22EF34AC00C847D0 /* Networking */ = {
			isa = PBXGroup;
			children = (
				D941B93E22EF352F00C847D0 /* NetworkManager.swift */,
				D941B94422EF3CD400C847D0 /* URLs.swift */,
				D9FFA3AD22F0417A00BA26F7 /* Data Manager */,
			);
			path = Networking;
			sourceTree = "<group>";
		};
		D96873C022CE1B8D0075C528 /* SignIn */ = {
			isa = PBXGroup;
			children = (
				D96873C122CE1BA00075C528 /* SignInViewModel.swift */,
				D96873CF22CE42110075C528 /* SignUpViewModel.swift */,
				D9F8B44322D20F0700DCD15C /* ForgetPasswordViewModel.swift */,
			);
			path = SignIn;
			sourceTree = "<group>";
		};
		D96873C322CE1BCB0075C528 /* SignIn */ = {
			isa = PBXGroup;
			children = (
				D96873C422CE1BE80075C528 /* SignInViewController.swift */,
				D96873CD22CE41E00075C528 /* SignUpViewController.swift */,
				D9F8B44122D20EC500DCD15C /* ForgetPasswordViewController.swift */,
			);
			path = SignIn;
			sourceTree = "<group>";
		};
		D99D2A1622E5CDA100A430A7 /* Cart */ = {
			isa = PBXGroup;
			children = (
				D99D2A1D22E5E01200A430A7 /* xibs */,
				D99D2A1B22E5D56D00A430A7 /* CartViewController.swift */,
				D9FEB6CF22E844BD00D63708 /* CartPageViewController.swift */,
				D91B65D322E8914500EDFDCE /* CartAddressesViewController.swift */,
				D90FA07C22E999EC00316BE4 /* CartPaymentViewController.swift */,
				D9E074B522EDC2BF005F8CD4 /* CartFinishedViewController.swift */,
			);
			path = Cart;
			sourceTree = "<group>";
		};
		D99D2A1822E5CF0E00A430A7 /* Cart */ = {
			isa = PBXGroup;
			children = (
				D99D2A1922E5CF2700A430A7 /* CartViewModel.swift */,
				D9FEB6D122E8462F00D63708 /* CartPageViewModel.swift */,
				D91B65D522E896A400EDFDCE /* CartAddressesViewModel.swift */,
				D90FA07E22E99A0600316BE4 /* CartPaymentViewModel.swift */,
			);
			path = Cart;
			sourceTree = "<group>";
		};
		D99D2A1D22E5E01200A430A7 /* xibs */ = {
			isa = PBXGroup;
			children = (
				D99D2A2022E5E03900A430A7 /* CartCell.xib */,
				D99D2A1E22E5E02D00A430A7 /* CartCell.swift */,
				D99D2A2222E5F01A00A430A7 /* CartHeaderView.xib */,
				D99D2A2422E5F06C00A430A7 /* CartHeaderView.swift */,
				D9FEB6D322E8646400D63708 /* EnterCodeCell.xib */,
				D9FEB6D522E8648300D63708 /* EnterCodeCell.swift */,
				D9FEB6D922E87AAC00D63708 /* CartAddressCell.xib */,
				D9FEB6D722E87A9B00D63708 /* CartAddressCell.swift */,
				D91B65D122E88FC300EDFDCE /* AddAddressCell.xib */,
				D91B65D722E8999500EDFDCE /* AddAddressCell.swift */,
				D94767C422E9B32C00852782 /* SectionCell.xib */,
				D94767C622E9B34000852782 /* SectionCell.swift */,
				D94767C022E9B29F00852782 /* PaymentMethodCell.xib */,
				D94767C222E9B2C600852782 /* PaymentMethodCell.swift */,
				D94767C822E9E00C00852782 /* OrderSummeryCell.xib */,
				D94767CA22E9E71400852782 /* OrderSummeryCell.swift */,
				D9182C2522E9F287006A4289 /* YourOrderItemsCell.xib */,
				D9182C2322E9F24A006A4289 /* YourOrderItemsCell.swift */,
			);
			path = xibs;
			sourceTree = "<group>";
		};
		D9C3B0D222D33E6B0010F45C /* Main */ = {
			isa = PBXGroup;
			children = (
				D9CED6F622D4865E00D8026E /* xibs */,
				D9C3B0D022D321160010F45C /* HomeViewController.swift */,
				D99A78AB22DB4DE800BCB6F1 /* CategoryItemsViewController.swift */,
				D957A4C022F97E60004709B5 /* FilterViewController.swift */,
				D9FDC71122DDE1E90023B797 /* ItemDetailsViewController.swift */,
				D9FDC71322DDE2090023B797 /* AuctionDetailsViewController.swift */,
			);
			path = Main;
			sourceTree = "<group>";
		};
		D9CED6F522D4842800D8026E /* Main */ = {
			isa = PBXGroup;
			children = (
				D9CED6F322D483B800D8026E /* HomeViewModel.swift */,
				D99A78AD22DB4E1300BCB6F1 /* CategoryItemsViewModel.swift */,
				D957A4C222F97F46004709B5 /* FilterViewModel.swift */,
				D9FDC70F22DDE1740023B797 /* ItemDetailsViewModel.swift */,
				D9FDC71522DDE2710023B797 /* AuctionDetailsViewModel.swift */,
			);
			path = Main;
			sourceTree = "<group>";
		};
		D9CED6F622D4865E00D8026E /* xibs */ = {
			isa = PBXGroup;
			children = (
				D9CED6FD22D4949800D8026E /* CategoryCell.xib */,
				D9CED6F722D486A800D8026E /* CategoryCell.swift */,
				D9CED6FB22D486EA00D8026E /* ItemsCell.xib */,
				D9CED6F922D486CA00D8026E /* ItemsCell.swift */,
				D9CED70822D4C01C00D8026E /* BannerCell.xib */,
				D9CED70A22D4C08900D8026E /* BannerCell.swift */,
				D9FDC71922DDFA510023B797 /* ImageCell.xib */,
				D9FDC71722DDFA410023B797 /* ImageCell.swift */,
				D9D5FCAE22DF5DA40005AB78 /* MyAccountCell.xib */,
				D9D5FCAC22DF549C0005AB78 /* MyAccountCell.swift */,
				D957A4C622F98139004709B5 /* FilterSectionHeader.xib */,
				D957A4C422F980EA004709B5 /* FilterSectionHeader.swift */,
				D957A4CA22F99B25004709B5 /* FilterCell.xib */,
				D957A4C822F99B16004709B5 /* FilterCell.swift */,
			);
			path = xibs;
			sourceTree = "<group>";
		};
		D9CED6FF22D4BDFB00D8026E /* banners */ = {
			isa = PBXGroup;
			children = (
				D9CED70222D4BE8D00D8026E /* baner1.png */,
				D9CED70122D4BE8D00D8026E /* baner2.png */,
				D9CED70022D4BE8D00D8026E /* baner3.png */,
				D9CED70322D4BE8D00D8026E /* baner4.png */,
			);
			path = banners;
			sourceTree = "<group>";
		};
		D9DE930522E4617600144B8B /* MyAccount */ = {
			isa = PBXGroup;
			children = (
				D9DE930B22E4723E00144B8B /* xibs */,
				D9D5FCA722DF50220005AB78 /* MyAccountViewController.swift */,
				D9C2DC6222E0745300E4385D /* FavoritesViewController.swift */,
				D9DE930722E461CE00144B8B /* NotificationsViewController.swift */,
				D99D2A1222E5958400A430A7 /* AddressesViewController.swift */,
			);
			path = MyAccount;
			sourceTree = "<group>";
		};
		D9DE930622E4619600144B8B /* MyAccount */ = {
			isa = PBXGroup;
			children = (
				D9D5FCAA22DF504E0005AB78 /* MyAccountViewModel.swift */,
				D9C2DC6422E0746F00E4385D /* FavoritesViewModel.swift */,
				D9DE930922E461ED00144B8B /* NotificationViewModel.swift */,
				D99D2A1422E5964100A430A7 /* AddressesViewModel.swift */,
			);
			path = MyAccount;
			sourceTree = "<group>";
		};
		D9DE930B22E4723E00144B8B /* xibs */ = {
			isa = PBXGroup;
			children = (
				D9DE930C22E4725D00144B8B /* NotificationCell.xib */,
				D9DE930E22E4727800144B8B /* NotificationCell.swift */,
				D99D2A1022E5953600A430A7 /* AddressCell.xib */,
				D99D2A0E22E594F600A430A7 /* AddressCell.swift */,
			);
			path = xibs;
			sourceTree = "<group>";
		};
		D9FFA3AD22F0417A00BA26F7 /* Data Manager */ = {
			isa = PBXGroup;
			children = (
				D9CED70C22D4C37900D8026E /* Decoderable.swift */,
				D941B94022EF355C00C847D0 /* DataManager.swift */,
				D941B94222EF383C00C847D0 /* UserDataManager.swift */,
				D941049122F1AB6500A809AB /* HomeDataManager.swift */,
				D999BC8022F8359A00608A59 /* ProductDataManager.swift */,
				D980CA1722FC38B4009237BF /* CartDataManager.swift */,
			);
			path = "Data Manager";
			sourceTree = "<group>";
		};
		FB8070F6307A935645D5385E /* Pods */ = {
			isa = PBXGroup;
			children = (
				0869D3E3B71F99BD25C7570E /* Pods-etajerIOS.debug.xcconfig */,
				2705894BF7F1CD3491E49FDF /* Pods-etajerIOS.release.xcconfig */,
			);
			path = Pods;
			sourceTree = "<group>";
		};
/* End PBXGroup section */

/* Begin PBXNativeTarget section */
		D91947D822CDFF3F00302A75 /* etajerIOS */ = {
			isa = PBXNativeTarget;
			buildConfigurationList = D91947EB22CDFF4000302A75 /* Build configuration list for PBXNativeTarget "etajerIOS" */;
			buildPhases = (
				9FE4BC89A2F68CFCBADE9974 /* [CP] Check Pods Manifest.lock */,
				D91947D522CDFF3F00302A75 /* Sources */,
				D91947D622CDFF3F00302A75 /* Frameworks */,
				D91947D722CDFF3F00302A75 /* Resources */,
				FE5C961C9C5AEC239BA1FD18 /* [CP] Embed Pods Frameworks */,
			);
			buildRules = (
			);
			dependencies = (
			);
			name = etajerIOS;
			productName = etajerIOS;
			productReference = D91947D922CDFF3F00302A75 /* etajerIOS.app */;
			productType = "com.apple.product-type.application";
		};
/* End PBXNativeTarget section */

/* Begin PBXProject section */
		D91947D122CDFF3F00302A75 /* Project object */ = {
			isa = PBXProject;
			attributes = {
				LastSwiftUpdateCheck = 1020;
				LastUpgradeCheck = 1020;
				ORGANIZATIONNAME = Maxsys;
				TargetAttributes = {
					D91947D822CDFF3F00302A75 = {
						CreatedOnToolsVersion = 10.2;
					};
				};
			};
			buildConfigurationList = D91947D422CDFF3F00302A75 /* Build configuration list for PBXProject "etajerIOS" */;
			compatibilityVersion = "Xcode 9.3";
			developmentRegion = en;
			hasScannedForEncodings = 0;
			knownRegions = (
				en,
				Base,
				ar,
			);
			mainGroup = D91947D022CDFF3F00302A75;
			productRefGroup = D91947DA22CDFF3F00302A75 /* Products */;
			projectDirPath = "";
			projectRoot = "";
			targets = (
				D91947D822CDFF3F00302A75 /* etajerIOS */,
			);
		};
/* End PBXProject section */

/* Begin PBXResourcesBuildPhase section */
		D91947D722CDFF3F00302A75 /* Resources */ = {
			isa = PBXResourcesBuildPhase;
			buildActionMask = 2147483647;
			files = (
				D9C2DC6722E0C76200E4385D /* din-next-lt-w23-bold.ttf in Resources */,
				D94767C522E9B32C00852782 /* SectionCell.xib in Resources */,
				D9CED70722D4BE8D00D8026E /* baner4.png in Resources */,
				D9DE930D22E4725D00144B8B /* NotificationCell.xib in Resources */,
				D9CED70622D4BE8D00D8026E /* baner1.png in Resources */,
				D9CED6FC22D486EA00D8026E /* ItemsCell.xib in Resources */,
				D9FEB6D422E8646400D63708 /* EnterCodeCell.xib in Resources */,
				D9FDC71A22DDFA510023B797 /* ImageCell.xib in Resources */,
				D94767C122E9B29F00852782 /* PaymentMethodCell.xib in Resources */,
				D957A4C722F98139004709B5 /* FilterSectionHeader.xib in Resources */,
				D9CED70922D4C01C00D8026E /* BannerCell.xib in Resources */,
				D9D5FCAF22DF5DA40005AB78 /* MyAccountCell.xib in Resources */,
				D919480822CE07D400302A75 /* din-next-lt-w23-regular.ttf in Resources */,
				D91B65D222E88FC300EDFDCE /* AddAddressCell.xib in Resources */,
				D919480B22CE0AA700302A75 /* SignIn.storyboard in Resources */,
				D99D2A2322E5F01A00A430A7 /* CartHeaderView.xib in Resources */,
				D94767C922E9E00C00852782 /* OrderSummeryCell.xib in Resources */,
				D9FEB6DA22E87AAC00D63708 /* CartAddressCell.xib in Resources */,
				D9CED70522D4BE8D00D8026E /* baner2.png in Resources */,
				D99D2A2122E5E03900A430A7 /* CartCell.xib in Resources */,
				D929C0DB22D2280A0000B1A6 /* MenuCell.xib in Resources */,
				D9182C2622E9F287006A4289 /* YourOrderItemsCell.xib in Resources */,
				D99D2A1122E5953600A430A7 /* AddressCell.xib in Resources */,
				D9CED70422D4BE8D00D8026E /* baner3.png in Resources */,
				D91947E722CDFF4000302A75 /* LaunchScreen.storyboard in Resources */,
				D91947E422CDFF4000302A75 /* Assets.xcassets in Resources */,
				D91947E222CDFF3F00302A75 /* Main.storyboard in Resources */,
				D9CED6FE22D4949800D8026E /* CategoryCell.xib in Resources */,
				D9F8B44522D2170C00DCD15C /* Localizable.strings in Resources */,
				D957A4CB22F99B25004709B5 /* FilterCell.xib in Resources */,
			);
			runOnlyForDeploymentPostprocessing = 0;
		};
/* End PBXResourcesBuildPhase section */

/* Begin PBXShellScriptBuildPhase section */
		9FE4BC89A2F68CFCBADE9974 /* [CP] Check Pods Manifest.lock */ = {
			isa = PBXShellScriptBuildPhase;
			buildActionMask = 2147483647;
			files = (
			);
			inputFileListPaths = (
			);
			inputPaths = (
				"${PODS_PODFILE_DIR_PATH}/Podfile.lock",
				"${PODS_ROOT}/Manifest.lock",
			);
			name = "[CP] Check Pods Manifest.lock";
			outputFileListPaths = (
			);
			outputPaths = (
				"$(DERIVED_FILE_DIR)/Pods-etajerIOS-checkManifestLockResult.txt",
			);
			runOnlyForDeploymentPostprocessing = 0;
			shellPath = /bin/sh;
			shellScript = "diff \"${PODS_PODFILE_DIR_PATH}/Podfile.lock\" \"${PODS_ROOT}/Manifest.lock\" > /dev/null\nif [ $? != 0 ] ; then\n    # print error to STDERR\n    echo \"error: The sandbox is not in sync with the Podfile.lock. Run 'pod install' or update your CocoaPods installation.\" >&2\n    exit 1\nfi\n# This output is used by Xcode 'outputs' to avoid re-running this script phase.\necho \"SUCCESS\" > \"${SCRIPT_OUTPUT_FILE_0}\"\n";
			showEnvVarsInLog = 0;
		};
		FE5C961C9C5AEC239BA1FD18 /* [CP] Embed Pods Frameworks */ = {
			isa = PBXShellScriptBuildPhase;
			buildActionMask = 2147483647;
			files = (
			);
			inputFileListPaths = (
			);
			inputPaths = (
				"${PODS_ROOT}/Target Support Files/Pods-etajerIOS/Pods-etajerIOS-frameworks.sh",
				"${BUILT_PRODUCTS_DIR}/Alamofire/Alamofire.framework",
				"${BUILT_PRODUCTS_DIR}/Cosmos/Cosmos.framework",
				"${BUILT_PRODUCTS_DIR}/Differentiator/Differentiator.framework",
				"${BUILT_PRODUCTS_DIR}/IQKeyboardManagerSwift/IQKeyboardManagerSwift.framework",
				"${BUILT_PRODUCTS_DIR}/Kingfisher/Kingfisher.framework",
				"${BUILT_PRODUCTS_DIR}/RxCocoa/RxCocoa.framework",
				"${BUILT_PRODUCTS_DIR}/RxDataSources/RxDataSources.framework",
				"${BUILT_PRODUCTS_DIR}/RxSwift/RxSwift.framework",
				"${BUILT_PRODUCTS_DIR}/SVProgressHUD/SVProgressHUD.framework",
				"${BUILT_PRODUCTS_DIR}/SkeletonView/SkeletonView.framework",
				"${BUILT_PRODUCTS_DIR}/SlideMenuControllerSwift/SlideMenuControllerSwift.framework",
			);
			name = "[CP] Embed Pods Frameworks";
			outputFileListPaths = (
			);
			outputPaths = (
				"${TARGET_BUILD_DIR}/${FRAMEWORKS_FOLDER_PATH}/Alamofire.framework",
				"${TARGET_BUILD_DIR}/${FRAMEWORKS_FOLDER_PATH}/Cosmos.framework",
				"${TARGET_BUILD_DIR}/${FRAMEWORKS_FOLDER_PATH}/Differentiator.framework",
				"${TARGET_BUILD_DIR}/${FRAMEWORKS_FOLDER_PATH}/IQKeyboardManagerSwift.framework",
				"${TARGET_BUILD_DIR}/${FRAMEWORKS_FOLDER_PATH}/Kingfisher.framework",
				"${TARGET_BUILD_DIR}/${FRAMEWORKS_FOLDER_PATH}/RxCocoa.framework",
				"${TARGET_BUILD_DIR}/${FRAMEWORKS_FOLDER_PATH}/RxDataSources.framework",
				"${TARGET_BUILD_DIR}/${FRAMEWORKS_FOLDER_PATH}/RxSwift.framework",
				"${TARGET_BUILD_DIR}/${FRAMEWORKS_FOLDER_PATH}/SVProgressHUD.framework",
				"${TARGET_BUILD_DIR}/${FRAMEWORKS_FOLDER_PATH}/SkeletonView.framework",
				"${TARGET_BUILD_DIR}/${FRAMEWORKS_FOLDER_PATH}/SlideMenuControllerSwift.framework",
			);
			runOnlyForDeploymentPostprocessing = 0;
			shellPath = /bin/sh;
			shellScript = "\"${PODS_ROOT}/Target Support Files/Pods-etajerIOS/Pods-etajerIOS-frameworks.sh\"\n";
			showEnvVarsInLog = 0;
		};
/* End PBXShellScriptBuildPhase section */

/* Begin PBXSourcesBuildPhase section */
		D91947D522CDFF3F00302A75 /* Sources */ = {
			isa = PBXSourcesBuildPhase;
			buildActionMask = 2147483647;
			files = (
				D9FFA3B122F06CB900BA26F7 /* UIViewController+Extension.swift in Sources */,
				D9F8B44C22D21D0300DCD15C /* UILabel+Extension.swift in Sources */,
				D941B94522EF3CD400C847D0 /* URLs.swift in Sources */,
				D9182C2422E9F24A006A4289 /* YourOrderItemsCell.swift in Sources */,
				D9FEB6D822E87A9B00D63708 /* CartAddressCell.swift in Sources */,
				D9FEB6D022E844BD00D63708 /* CartPageViewController.swift in Sources */,
				D919480122CE038900302A75 /* Navigator.swift in Sources */,
				D9F8B44222D20EC500DCD15C /* ForgetPasswordViewController.swift in Sources */,
				D9C3B0D622D3428B0010F45C /* LanguageManager.swift in Sources */,
				D9DE930F22E4727800144B8B /* NotificationCell.swift in Sources */,
				D9FFA3B322F0894200BA26F7 /* DataResponse+Extension.swift in Sources */,
				D929C0E022D232290000B1A6 /* MenuViewModel.swift in Sources */,
				D941B94322EF383C00C847D0 /* UserDataManager.swift in Sources */,
				D96873BF22CE147E0075C528 /* String+Extension.swift in Sources */,
				D90FA07F22E99A0600316BE4 /* CartPaymentViewModel.swift in Sources */,
				D9D5FCAD22DF549C0005AB78 /* MyAccountCell.swift in Sources */,
				D99D2A0F22E594F600A430A7 /* AddressCell.swift in Sources */,
				D91947FF22CE038900302A75 /* Instantiator.swift in Sources */,
				D9C2DC6522E0746F00E4385D /* FavoritesViewModel.swift in Sources */,
				D980CA1822FC38B4009237BF /* CartDataManager.swift in Sources */,
				D9CED70B22D4C08900D8026E /* BannerCell.swift in Sources */,
				D9DE930822E461CE00144B8B /* NotificationsViewController.swift in Sources */,
				D99D2A1522E5964100A430A7 /* AddressesViewModel.swift in Sources */,
				D9F8B44A22D2178000DCD15C /* LocalizationTitles.swift in Sources */,
				D9687368230583C3008DE29B /* Address.swift in Sources */,
				D9C2DC6322E0745300E4385D /* FavoritesViewController.swift in Sources */,
				D919480422CE038900302A75 /* AppUtility.swift in Sources */,
				D999BC8122F8359A00608A59 /* ProductDataManager.swift in Sources */,
				D91947DF22CDFF3F00302A75 /* BaseViewController.swift in Sources */,
				D929C0E322D242A20000B1A6 /* Category.swift in Sources */,
				D9CED6F822D486A800D8026E /* CategoryCell.swift in Sources */,
				D9FDC71822DDFA410023B797 /* ImageCell.swift in Sources */,
				D9F8B44022D1F3E400DCD15C /* UITextView+Extension.swift in Sources */,
				D91B65D822E8999500EDFDCE /* AddAddressCell.swift in Sources */,
				D96873C522CE1BE80075C528 /* SignInViewController.swift in Sources */,
				D99D2A1F22E5E02D00A430A7 /* CartCell.swift in Sources */,
				D9DE930A22E461ED00144B8B /* NotificationViewModel.swift in Sources */,
				D9FFA3B522F08BFC00BA26F7 /* User.swift in Sources */,
				D919480322CE038900302A75 /* UIView+Extension.swift in Sources */,
				D9D5FCA822DF50220005AB78 /* MyAccountViewController.swift in Sources */,
				D94767CB22E9E71400852782 /* OrderSummeryCell.swift in Sources */,
				D941B94122EF355C00C847D0 /* DataManager.swift in Sources */,
				D94767C322E9B2C600852782 /* PaymentMethodCell.swift in Sources */,
				D9FDC71222DDE1E90023B797 /* ItemDetailsViewController.swift in Sources */,
				D941048E22F19EFF00A809AB /* Product.swift in Sources */,
				D99A78AA22DB102B00BCB6F1 /* ViewModelType.swift in Sources */,
				D99D2A1C22E5D56D00A430A7 /* CartViewController.swift in Sources */,
				D9F8B43C22D1E96D00DCD15C /* Constants.swift in Sources */,
				D957A4C522F980EA004709B5 /* FilterSectionHeader.swift in Sources */,
				D9CED70F22D4CE1900D8026E /* Data+Extension.swift in Sources */,
				D9C3B0D122D321160010F45C /* HomeViewController.swift in Sources */,
				D9CED70D22D4C37900D8026E /* Decoderable.swift in Sources */,
				D9D5FCAB22DF504E0005AB78 /* MyAccountViewModel.swift in Sources */,
				D99A78AC22DB4DE800BCB6F1 /* CategoryItemsViewController.swift in Sources */,
				D9FDC71022DDE1750023B797 /* ItemDetailsViewModel.swift in Sources */,
				D941049022F1A26500A809AB /* HomeResponse.swift in Sources */,
				D9C3B0D422D3417D0010F45C /* Bundle+Extension.swift in Sources */,
				D9FFA3AF22F0505F00BA26F7 /* SignInUpResponse.swift in Sources */,
				D96873D022CE42110075C528 /* SignUpViewModel.swift in Sources */,
				D9FFA3AC22F0407200BA26F7 /* ErrorModel.swift in Sources */,
				D90FA08222E9A0C000316BE4 /* RadioSelectionBtn.swift in Sources */,
				D957A4C122F97E60004709B5 /* FilterViewController.swift in Sources */,
				D91B65D422E8914500EDFDCE /* CartAddressesViewController.swift in Sources */,
				D9FDC71622DDE2710023B797 /* AuctionDetailsViewModel.swift in Sources */,
				D91947DD22CDFF3F00302A75 /* AppDelegate.swift in Sources */,
				D929C0DD22D228C30000B1A6 /* MenuCell.swift in Sources */,
				D980CA1A23043D1B009237BF /* Cart.swift in Sources */,
				D96873CE22CE41E00075C528 /* SignUpViewController.swift in Sources */,
				D91947FE22CE038900302A75 /* MainNavigator.swift in Sources */,
				D94767C722E9B34000852782 /* SectionCell.swift in Sources */,
				D9F8B44422D20F0700DCD15C /* ForgetPasswordViewModel.swift in Sources */,
				D9FEB6D222E8462F00D63708 /* CartPageViewModel.swift in Sources */,
				D9C3B0D822D36B070010F45C /* UIButton+Extension.swift in Sources */,
				D90FA07D22E999EC00316BE4 /* CartPaymentViewController.swift in Sources */,
				D99D2A1A22E5CF2700A430A7 /* CartViewModel.swift in Sources */,
				D9FEB6D622E8648300D63708 /* EnterCodeCell.swift in Sources */,
				D99D2A1322E5958400A430A7 /* AddressesViewController.swift in Sources */,
				D96873C222CE1BA00075C528 /* SignInViewModel.swift in Sources */,
				D919480022CE038900302A75 /* NavigationCoordinator.swift in Sources */,
				D99A78AE22DB4E1300BCB6F1 /* CategoryItemsViewModel.swift in Sources */,
				D91B65D622E896A400EDFDCE /* CartAddressesViewModel.swift in Sources */,
				D941049422F1AE4800A809AB /* BaseModel.swift in Sources */,
				D919480222CE038900302A75 /* Enums.swift in Sources */,
				D91947F322CE034300302A75 /* BaseViewModel.swift in Sources */,
				D957A4C922F99B16004709B5 /* FilterCell.swift in Sources */,
				D9FDC71422DDE2090023B797 /* AuctionDetailsViewController.swift in Sources */,
				D9CED6FA22D486CA00D8026E /* ItemsCell.swift in Sources */,
				D957A4C322F97F46004709B5 /* FilterViewModel.swift in Sources */,
				D9F8B43E22D1F33F00DCD15C /* UITextField+Extension.swift in Sources */,
				D941049222F1AB6500A809AB /* HomeDataManager.swift in Sources */,
				D99D2A2522E5F06C00A430A7 /* CartHeaderView.swift in Sources */,
				D9CED6F422D483B800D8026E /* HomeViewModel.swift in Sources */,
				D941B93F22EF352F00C847D0 /* NetworkManager.swift in Sources */,
				D9E074B622EDC2BF005F8CD4 /* CartFinishedViewController.swift in Sources */,
				D929C0D822D227EE0000B1A6 /* MenuViewController.swift in Sources */,
			);
			runOnlyForDeploymentPostprocessing = 0;
		};
/* End PBXSourcesBuildPhase section */

/* Begin PBXVariantGroup section */
		D91947E022CDFF3F00302A75 /* Main.storyboard */ = {
			isa = PBXVariantGroup;
			children = (
				D91947E122CDFF3F00302A75 /* Base */,
				D919480922CE0A8B00302A75 /* ar */,
			);
			name = Main.storyboard;
			sourceTree = "<group>";
		};
		D91947E522CDFF4000302A75 /* LaunchScreen.storyboard */ = {
			isa = PBXVariantGroup;
			children = (
				D91947E622CDFF4000302A75 /* Base */,
				D919480A22CE0A8B00302A75 /* ar */,
			);
			name = LaunchScreen.storyboard;
			sourceTree = "<group>";
		};
		D919480D22CE0AA700302A75 /* SignIn.storyboard */ = {
			isa = PBXVariantGroup;
			children = (
				D96873C722CE2B770075C528 /* Base */,
				D96873C922CE2B830075C528 /* ar */,
				D96873CA22CE2B8C0075C528 /* en */,
			);
			name = SignIn.storyboard;
			sourceTree = "<group>";
		};
		D9F8B44722D2170C00DCD15C /* Localizable.strings */ = {
			isa = PBXVariantGroup;
			children = (
				D9F8B44622D2170C00DCD15C /* en */,
				D9F8B44822D2171200DCD15C /* ar */,
			);
			name = Localizable.strings;
			sourceTree = "<group>";
		};
/* End PBXVariantGroup section */

/* Begin XCBuildConfiguration section */
		D91947E922CDFF4000302A75 /* Debug */ = {
			isa = XCBuildConfiguration;
			buildSettings = {
				ALWAYS_SEARCH_USER_PATHS = NO;
				CLANG_ANALYZER_LOCALIZABILITY_NONLOCALIZED = YES;
				CLANG_ANALYZER_NONNULL = YES;
				CLANG_ANALYZER_NUMBER_OBJECT_CONVERSION = YES_AGGRESSIVE;
				CLANG_CXX_LANGUAGE_STANDARD = "gnu++14";
				CLANG_CXX_LIBRARY = "libc++";
				CLANG_ENABLE_MODULES = YES;
				CLANG_ENABLE_OBJC_ARC = YES;
				CLANG_ENABLE_OBJC_WEAK = YES;
				CLANG_WARN_BLOCK_CAPTURE_AUTORELEASING = YES;
				CLANG_WARN_BOOL_CONVERSION = YES;
				CLANG_WARN_COMMA = YES;
				CLANG_WARN_CONSTANT_CONVERSION = YES;
				CLANG_WARN_DEPRECATED_OBJC_IMPLEMENTATIONS = YES;
				CLANG_WARN_DIRECT_OBJC_ISA_USAGE = YES_ERROR;
				CLANG_WARN_DOCUMENTATION_COMMENTS = YES;
				CLANG_WARN_EMPTY_BODY = YES;
				CLANG_WARN_ENUM_CONVERSION = YES;
				CLANG_WARN_INFINITE_RECURSION = YES;
				CLANG_WARN_INT_CONVERSION = YES;
				CLANG_WARN_NON_LITERAL_NULL_CONVERSION = YES;
				CLANG_WARN_OBJC_IMPLICIT_RETAIN_SELF = YES;
				CLANG_WARN_OBJC_LITERAL_CONVERSION = YES;
				CLANG_WARN_OBJC_ROOT_CLASS = YES_ERROR;
				CLANG_WARN_RANGE_LOOP_ANALYSIS = YES;
				CLANG_WARN_STRICT_PROTOTYPES = YES;
				CLANG_WARN_SUSPICIOUS_MOVE = YES;
				CLANG_WARN_UNGUARDED_AVAILABILITY = YES_AGGRESSIVE;
				CLANG_WARN_UNREACHABLE_CODE = YES;
				CLANG_WARN__DUPLICATE_METHOD_MATCH = YES;
				CODE_SIGN_IDENTITY = "iPhone Developer";
				COPY_PHASE_STRIP = NO;
				DEBUG_INFORMATION_FORMAT = dwarf;
				ENABLE_STRICT_OBJC_MSGSEND = YES;
				ENABLE_TESTABILITY = YES;
				GCC_C_LANGUAGE_STANDARD = gnu11;
				GCC_DYNAMIC_NO_PIC = NO;
				GCC_NO_COMMON_BLOCKS = YES;
				GCC_OPTIMIZATION_LEVEL = 0;
				GCC_PREPROCESSOR_DEFINITIONS = (
					"DEBUG=1",
					"$(inherited)",
				);
				GCC_WARN_64_TO_32_BIT_CONVERSION = YES;
				GCC_WARN_ABOUT_RETURN_TYPE = YES_ERROR;
				GCC_WARN_UNDECLARED_SELECTOR = YES;
				GCC_WARN_UNINITIALIZED_AUTOS = YES_AGGRESSIVE;
				GCC_WARN_UNUSED_FUNCTION = YES;
				GCC_WARN_UNUSED_VARIABLE = YES;
				IPHONEOS_DEPLOYMENT_TARGET = 12.2;
				MTL_ENABLE_DEBUG_INFO = INCLUDE_SOURCE;
				MTL_FAST_MATH = YES;
				ONLY_ACTIVE_ARCH = YES;
				SDKROOT = iphoneos;
				SWIFT_ACTIVE_COMPILATION_CONDITIONS = DEBUG;
				SWIFT_OPTIMIZATION_LEVEL = "-Onone";
			};
			name = Debug;
		};
		D91947EA22CDFF4000302A75 /* Release */ = {
			isa = XCBuildConfiguration;
			buildSettings = {
				ALWAYS_SEARCH_USER_PATHS = NO;
				CLANG_ANALYZER_LOCALIZABILITY_NONLOCALIZED = YES;
				CLANG_ANALYZER_NONNULL = YES;
				CLANG_ANALYZER_NUMBER_OBJECT_CONVERSION = YES_AGGRESSIVE;
				CLANG_CXX_LANGUAGE_STANDARD = "gnu++14";
				CLANG_CXX_LIBRARY = "libc++";
				CLANG_ENABLE_MODULES = YES;
				CLANG_ENABLE_OBJC_ARC = YES;
				CLANG_ENABLE_OBJC_WEAK = YES;
				CLANG_WARN_BLOCK_CAPTURE_AUTORELEASING = YES;
				CLANG_WARN_BOOL_CONVERSION = YES;
				CLANG_WARN_COMMA = YES;
				CLANG_WARN_CONSTANT_CONVERSION = YES;
				CLANG_WARN_DEPRECATED_OBJC_IMPLEMENTATIONS = YES;
				CLANG_WARN_DIRECT_OBJC_ISA_USAGE = YES_ERROR;
				CLANG_WARN_DOCUMENTATION_COMMENTS = YES;
				CLANG_WARN_EMPTY_BODY = YES;
				CLANG_WARN_ENUM_CONVERSION = YES;
				CLANG_WARN_INFINITE_RECURSION = YES;
				CLANG_WARN_INT_CONVERSION = YES;
				CLANG_WARN_NON_LITERAL_NULL_CONVERSION = YES;
				CLANG_WARN_OBJC_IMPLICIT_RETAIN_SELF = YES;
				CLANG_WARN_OBJC_LITERAL_CONVERSION = YES;
				CLANG_WARN_OBJC_ROOT_CLASS = YES_ERROR;
				CLANG_WARN_RANGE_LOOP_ANALYSIS = YES;
				CLANG_WARN_STRICT_PROTOTYPES = YES;
				CLANG_WARN_SUSPICIOUS_MOVE = YES;
				CLANG_WARN_UNGUARDED_AVAILABILITY = YES_AGGRESSIVE;
				CLANG_WARN_UNREACHABLE_CODE = YES;
				CLANG_WARN__DUPLICATE_METHOD_MATCH = YES;
				CODE_SIGN_IDENTITY = "iPhone Developer";
				COPY_PHASE_STRIP = NO;
				DEBUG_INFORMATION_FORMAT = "dwarf-with-dsym";
				ENABLE_NS_ASSERTIONS = NO;
				ENABLE_STRICT_OBJC_MSGSEND = YES;
				GCC_C_LANGUAGE_STANDARD = gnu11;
				GCC_NO_COMMON_BLOCKS = YES;
				GCC_WARN_64_TO_32_BIT_CONVERSION = YES;
				GCC_WARN_ABOUT_RETURN_TYPE = YES_ERROR;
				GCC_WARN_UNDECLARED_SELECTOR = YES;
				GCC_WARN_UNINITIALIZED_AUTOS = YES_AGGRESSIVE;
				GCC_WARN_UNUSED_FUNCTION = YES;
				GCC_WARN_UNUSED_VARIABLE = YES;
				IPHONEOS_DEPLOYMENT_TARGET = 12.2;
				MTL_ENABLE_DEBUG_INFO = NO;
				MTL_FAST_MATH = YES;
				SDKROOT = iphoneos;
				SWIFT_COMPILATION_MODE = wholemodule;
				SWIFT_OPTIMIZATION_LEVEL = "-O";
				VALIDATE_PRODUCT = YES;
			};
			name = Release;
		};
		D91947EC22CDFF4000302A75 /* Debug */ = {
			isa = XCBuildConfiguration;
			baseConfigurationReference = 0869D3E3B71F99BD25C7570E /* Pods-etajerIOS.debug.xcconfig */;
			buildSettings = {
				ASSETCATALOG_COMPILER_APPICON_NAME = AppIcon;
				CODE_SIGN_STYLE = Automatic;
				DEVELOPMENT_TEAM = JB352SHJ2S;
				INFOPLIST_FILE = etajerIOS/Info.plist;
				IPHONEOS_DEPLOYMENT_TARGET = 11.0;
				LD_RUNPATH_SEARCH_PATHS = (
					"$(inherited)",
					"@executable_path/Frameworks",
				);
				PRODUCT_BUNDLE_IDENTIFIER = com.maxsys.etajerIOS;
				PRODUCT_NAME = "$(TARGET_NAME)";
				SWIFT_VERSION = 5.0;
				TARGETED_DEVICE_FAMILY = "1,2";
			};
			name = Debug;
		};
		D91947ED22CDFF4000302A75 /* Release */ = {
			isa = XCBuildConfiguration;
			baseConfigurationReference = 2705894BF7F1CD3491E49FDF /* Pods-etajerIOS.release.xcconfig */;
			buildSettings = {
				ASSETCATALOG_COMPILER_APPICON_NAME = AppIcon;
				CODE_SIGN_STYLE = Automatic;
				DEVELOPMENT_TEAM = JB352SHJ2S;
				INFOPLIST_FILE = etajerIOS/Info.plist;
				IPHONEOS_DEPLOYMENT_TARGET = 11.0;
				LD_RUNPATH_SEARCH_PATHS = (
					"$(inherited)",
					"@executable_path/Frameworks",
				);
				PRODUCT_BUNDLE_IDENTIFIER = com.maxsys.etajerIOS;
				PRODUCT_NAME = "$(TARGET_NAME)";
				SWIFT_VERSION = 5.0;
				TARGETED_DEVICE_FAMILY = "1,2";
			};
			name = Release;
		};
/* End XCBuildConfiguration section */

/* Begin XCConfigurationList section */
		D91947D422CDFF3F00302A75 /* Build configuration list for PBXProject "etajerIOS" */ = {
			isa = XCConfigurationList;
			buildConfigurations = (
				D91947E922CDFF4000302A75 /* Debug */,
				D91947EA22CDFF4000302A75 /* Release */,
			);
			defaultConfigurationIsVisible = 0;
			defaultConfigurationName = Release;
		};
		D91947EB22CDFF4000302A75 /* Build configuration list for PBXNativeTarget "etajerIOS" */ = {
			isa = XCConfigurationList;
			buildConfigurations = (
				D91947EC22CDFF4000302A75 /* Debug */,
				D91947ED22CDFF4000302A75 /* Release */,
			);
			defaultConfigurationIsVisible = 0;
			defaultConfigurationName = Release;
		};
/* End XCConfigurationList section */
	};
	rootObject = D91947D122CDFF3F00302A75 /* Project object */;
}
